PODS:
  - Koloda (5.0.1):
    - pop (~> 1.0)
  - pop (1.0.12)

DEPENDENCIES:
  - Koloda
  - pop

SPEC REPOS:
  trunk:
    - Koloda
    - pop

SPEC CHECKSUMS:
  Koloda: d07b9199a383abc5898b62aa945a599f5e7c0c4b
  pop: d582054913807fd11fd50bfe6a539d91c7e1a55a

PODFILE CHECKSUM: 7e5c14bc21ec42c27e61029d9d412b193c8cda95

COCOAPODS: 1.12.0
