// !$*UTF8*$!
{
	archiveVersion = 1;
	classes = {
	};
	objectVersion = 51;
	objects = {

/* Begin PBXBuildFile section */
		01035FF621C6C4580023BD60 /* Author.swift in Sources */ = {isa = PBXBuildFile; fileRef = 01035FF521C6C4580023BD60 /* Author.swift */; };
		01035FF921C6E8A50023BD60 /* Protocols.swift in Sources */ = {isa = PBXBuildFile; fileRef = 01035FF821C6E8A50023BD60 /* Protocols.swift */; };
		0107E1B422C07A5A006B8555 /* Thought.swift in Sources */ = {isa = PBXBuildFile; fileRef = 0107E1B322C07A5A006B8555 /* Thought.swift */; };
		0107E1B622C11D71006B8555 /* CKThought.swift in Sources */ = {isa = PBXBuildFile; fileRef = 0107E1B522C11D71006B8555 /* CKThought.swift */; };
		0107E1B822C12E4E006B8555 /* CKDisicussionController.swift in Sources */ = {isa = PBXBuildFile; fileRef = 0107E1B722C12E4E006B8555 /* CKDisicussionController.swift */; };
		0107E1BA22C19675006B8555 /* ShareThought.storyboard in Resources */ = {isa = PBXBuildFile; fileRef = 0107E1B922C19675006B8555 /* ShareThought.storyboard */; };
		0108764621880CB300FAC3BE /* FBPost.swift in Sources */ = {isa = PBXBuildFile; fileRef = 0108764521880CB300FAC3BE /* FBPost.swift */; };
		01087648218812B000FAC3BE /* FireBasePostController.swift in Sources */ = {isa = PBXBuildFile; fileRef = 01087647218812B000FAC3BE /* FireBasePostController.swift */; };
		0108764A2188138900FAC3BE /* NetworkError.swift in Sources */ = {isa = PBXBuildFile; fileRef = 010876492188138900FAC3BE /* NetworkError.swift */; };
		0108764C2188178E00FAC3BE /* NetworkManager.swift in Sources */ = {isa = PBXBuildFile; fileRef = 0108764B2188178E00FAC3BE /* NetworkManager.swift */; };
		0108765021881C1600FAC3BE /* FBPostTableViewController.swift in Sources */ = {isa = PBXBuildFile; fileRef = 0108764F21881C1600FAC3BE /* FBPostTableViewController.swift */; };
		0108765221881CDB00FAC3BE /* FBPost.storyboard in Resources */ = {isa = PBXBuildFile; fileRef = 0108765121881CDB00FAC3BE /* FBPost.storyboard */; };
		0108765421882F4F00FAC3BE /* Reddit.storyboard in Resources */ = {isa = PBXBuildFile; fileRef = 0108765321882F4F00FAC3BE /* Reddit.storyboard */; };
		0108765621882F6800FAC3BE /* RedditTableViewController.swift in Sources */ = {isa = PBXBuildFile; fileRef = 0108765521882F6800FAC3BE /* RedditTableViewController.swift */; };
		0108765C2188337B00FAC3BE /* RedditPostController.swift in Sources */ = {isa = PBXBuildFile; fileRef = 0108765B2188337B00FAC3BE /* RedditPostController.swift */; };
		0108765E2188A63A00FAC3BE /* RedditTableViewCell.swift in Sources */ = {isa = PBXBuildFile; fileRef = 0108765D2188A63A00FAC3BE /* RedditTableViewCell.swift */; };
		010876602188BBA800FAC3BE /* StorageManager.swift in Sources */ = {isa = PBXBuildFile; fileRef = 0108765F2188BBA800FAC3BE /* StorageManager.swift */; };
		01141AC222BB046E00B4C4BF /* DateHelper.swift in Sources */ = {isa = PBXBuildFile; fileRef = 01141AC122BB046E00B4C4BF /* DateHelper.swift */; };
		011B109E22B5E1810092BADE /* FBFeedTableViewCell.swift in Sources */ = {isa = PBXBuildFile; fileRef = 011B109D22B5E1810092BADE /* FBFeedTableViewCell.swift */; };
		011B10A022B5E88E0092BADE /* FBReportController.swift in Sources */ = {isa = PBXBuildFile; fileRef = 011B109F22B5E88E0092BADE /* FBReportController.swift */; };
		011B10A222B7FCA30092BADE /* CKReportController.swift in Sources */ = {isa = PBXBuildFile; fileRef = 011B10A122B7FCA30092BADE /* CKReportController.swift */; };
		0120870A2184D3CE007B7C43 /* AppDelegate.swift in Sources */ = {isa = PBXBuildFile; fileRef = 012087092184D3CE007B7C43 /* AppDelegate.swift */; };
		0120870F2184D3CE007B7C43 /* Main.storyboard in Resources */ = {isa = PBXBuildFile; fileRef = 0120870D2184D3CE007B7C43 /* Main.storyboard */; };
		012087142184D3CF007B7C43 /* LaunchScreen.storyboard in Resources */ = {isa = PBXBuildFile; fileRef = 012087122184D3CF007B7C43 /* LaunchScreen.storyboard */; };
		0120871F2184D3CF007B7C43 /* SherpaTests.swift in Sources */ = {isa = PBXBuildFile; fileRef = 0120871E2184D3CF007B7C43 /* SherpaTests.swift */; };
		0120872C2184D68F007B7C43 /* MainTabBar.storyboard in Resources */ = {isa = PBXBuildFile; fileRef = 0120872B2184D68F007B7C43 /* MainTabBar.storyboard */; };
		0120872F2184D83D007B7C43 /* HomeViewController.swift in Sources */ = {isa = PBXBuildFile; fileRef = 0120872E2184D83D007B7C43 /* HomeViewController.swift */; };
		012087312184D977007B7C43 /* DataBaseActionTab.storyboard in Resources */ = {isa = PBXBuildFile; fileRef = 012087302184D977007B7C43 /* DataBaseActionTab.storyboard */; };
		012087352184DA36007B7C43 /* DataBaseActionTableViewController.swift in Sources */ = {isa = PBXBuildFile; fileRef = 012087342184DA36007B7C43 /* DataBaseActionTableViewController.swift */; };
		012087392184DB56007B7C43 /* MainTabBarViewController.swift in Sources */ = {isa = PBXBuildFile; fileRef = 012087382184DB56007B7C43 /* MainTabBarViewController.swift */; };
		012087412184E362007B7C43 /* HomeCollectionViewCell.swift in Sources */ = {isa = PBXBuildFile; fileRef = 012087402184E362007B7C43 /* HomeCollectionViewCell.swift */; };
		012087442184E4F5007B7C43 /* Constants.swift in Sources */ = {isa = PBXBuildFile; fileRef = 012087432184E4F5007B7C43 /* Constants.swift */; };
		012087462184E814007B7C43 /* HomeSections.swift in Sources */ = {isa = PBXBuildFile; fileRef = 012087452184E814007B7C43 /* HomeSections.swift */; };
		012087662184F164007B7C43 /* SF-Pro-Display-Thin.otf in Resources */ = {isa = PBXBuildFile; fileRef = 012087482184F164007B7C43 /* SF-Pro-Display-Thin.otf */; };
		012087672184F164007B7C43 /* SF-Pro-Display-SemiboldItalic.otf in Resources */ = {isa = PBXBuildFile; fileRef = 012087492184F164007B7C43 /* SF-Pro-Display-SemiboldItalic.otf */; };
		012087682184F164007B7C43 /* SF-Pro-Text-Heavy.otf in Resources */ = {isa = PBXBuildFile; fileRef = 0120874A2184F164007B7C43 /* SF-Pro-Text-Heavy.otf */; };
		012087692184F164007B7C43 /* SF-Pro-Display-RegularItalic.otf in Resources */ = {isa = PBXBuildFile; fileRef = 0120874B2184F164007B7C43 /* SF-Pro-Display-RegularItalic.otf */; };
		0120876A2184F164007B7C43 /* SF-Pro-Display-Light.otf in Resources */ = {isa = PBXBuildFile; fileRef = 0120874C2184F164007B7C43 /* SF-Pro-Display-Light.otf */; };
		0120876B2184F164007B7C43 /* SF-Pro-Display-Regular.otf in Resources */ = {isa = PBXBuildFile; fileRef = 0120874D2184F164007B7C43 /* SF-Pro-Display-Regular.otf */; };
		0120876C2184F164007B7C43 /* SF-Pro-Text-MediumItalic.otf in Resources */ = {isa = PBXBuildFile; fileRef = 0120874E2184F164007B7C43 /* SF-Pro-Text-MediumItalic.otf */; };
		0120876D2184F164007B7C43 /* SF-Pro-Display-Bold.otf in Resources */ = {isa = PBXBuildFile; fileRef = 0120874F2184F164007B7C43 /* SF-Pro-Display-Bold.otf */; };
		0120876E2184F164007B7C43 /* SF-Pro-Display-Medium.otf in Resources */ = {isa = PBXBuildFile; fileRef = 012087502184F164007B7C43 /* SF-Pro-Display-Medium.otf */; };
		0120876F2184F164007B7C43 /* SF-Pro-Display-Heavy.otf in Resources */ = {isa = PBXBuildFile; fileRef = 012087512184F164007B7C43 /* SF-Pro-Display-Heavy.otf */; };
		012087702184F164007B7C43 /* SF-Pro-Text-Light.otf in Resources */ = {isa = PBXBuildFile; fileRef = 012087522184F164007B7C43 /* SF-Pro-Text-Light.otf */; };
		012087712184F164007B7C43 /* SF-Pro-Display-Semibold.otf in Resources */ = {isa = PBXBuildFile; fileRef = 012087532184F164007B7C43 /* SF-Pro-Display-Semibold.otf */; };
		012087722184F164007B7C43 /* SF-Pro-Text-Regular.otf in Resources */ = {isa = PBXBuildFile; fileRef = 012087542184F164007B7C43 /* SF-Pro-Text-Regular.otf */; };
		012087732184F164007B7C43 /* SF-Pro-Text-Bold.otf in Resources */ = {isa = PBXBuildFile; fileRef = 012087552184F164007B7C43 /* SF-Pro-Text-Bold.otf */; };
		012087742184F164007B7C43 /* SF-Pro-Display-MediumItalic.otf in Resources */ = {isa = PBXBuildFile; fileRef = 012087562184F164007B7C43 /* SF-Pro-Display-MediumItalic.otf */; };
		012087752184F164007B7C43 /* SF-Pro-Display-HeavyItalic.otf in Resources */ = {isa = PBXBuildFile; fileRef = 012087572184F164007B7C43 /* SF-Pro-Display-HeavyItalic.otf */; };
		012087762184F164007B7C43 /* SF-Pro-Display-Ultralight.otf in Resources */ = {isa = PBXBuildFile; fileRef = 012087582184F164007B7C43 /* SF-Pro-Display-Ultralight.otf */; };
		012087772184F164007B7C43 /* SF-Pro-Display-UltralightItalic.otf in Resources */ = {isa = PBXBuildFile; fileRef = 012087592184F164007B7C43 /* SF-Pro-Display-UltralightItalic.otf */; };
		012087782184F164007B7C43 /* SF-Pro-Display-LightItalic.otf in Resources */ = {isa = PBXBuildFile; fileRef = 0120875A2184F164007B7C43 /* SF-Pro-Display-LightItalic.otf */; };
		012087792184F164007B7C43 /* SF-Pro-Display-BlackItalic.otf in Resources */ = {isa = PBXBuildFile; fileRef = 0120875B2184F164007B7C43 /* SF-Pro-Display-BlackItalic.otf */; };
		0120877A2184F164007B7C43 /* SF-Pro-Display-Black.otf in Resources */ = {isa = PBXBuildFile; fileRef = 0120875C2184F164007B7C43 /* SF-Pro-Display-Black.otf */; };
		0120877B2184F164007B7C43 /* SF-Pro-Text-BoldItalic.otf in Resources */ = {isa = PBXBuildFile; fileRef = 0120875D2184F164007B7C43 /* SF-Pro-Text-BoldItalic.otf */; };
		0120877C2184F164007B7C43 /* SF-Pro-Text-RegularItalic.otf in Resources */ = {isa = PBXBuildFile; fileRef = 0120875E2184F164007B7C43 /* SF-Pro-Text-RegularItalic.otf */; };
		0120877D2184F164007B7C43 /* SF-Pro-Text-Semibold.otf in Resources */ = {isa = PBXBuildFile; fileRef = 0120875F2184F164007B7C43 /* SF-Pro-Text-Semibold.otf */; };
		0120877E2184F164007B7C43 /* SF-Pro-Text-HeavyItalic.otf in Resources */ = {isa = PBXBuildFile; fileRef = 012087602184F164007B7C43 /* SF-Pro-Text-HeavyItalic.otf */; };
		0120877F2184F164007B7C43 /* SF-Pro-Display-ThinItalic.otf in Resources */ = {isa = PBXBuildFile; fileRef = 012087612184F164007B7C43 /* SF-Pro-Display-ThinItalic.otf */; };
		012087802184F164007B7C43 /* SF-Pro-Text-LightItalic.otf in Resources */ = {isa = PBXBuildFile; fileRef = 012087622184F164007B7C43 /* SF-Pro-Text-LightItalic.otf */; };
		012087812184F164007B7C43 /* SF-Pro-Text-Medium.otf in Resources */ = {isa = PBXBuildFile; fileRef = 012087632184F164007B7C43 /* SF-Pro-Text-Medium.otf */; };
		012087822184F164007B7C43 /* SF-Pro-Display-BoldItalic.otf in Resources */ = {isa = PBXBuildFile; fileRef = 012087642184F164007B7C43 /* SF-Pro-Display-BoldItalic.otf */; };
		012087832184F164007B7C43 /* SF-Pro-Text-SemiboldItalic.otf in Resources */ = {isa = PBXBuildFile; fileRef = 012087652184F164007B7C43 /* SF-Pro-Text-SemiboldItalic.otf */; };
		012087852184F353007B7C43 /* SectionHeaderCollectionReusableView.swift in Sources */ = {isa = PBXBuildFile; fileRef = 012087842184F353007B7C43 /* SectionHeaderCollectionReusableView.swift */; };
		012087882184F59B007B7C43 /* ColorTheme.swift in Sources */ = {isa = PBXBuildFile; fileRef = 012087872184F59B007B7C43 /* ColorTheme.swift */; };
		0120878A2185035C007B7C43 /* ActionTableViewCell.swift in Sources */ = {isa = PBXBuildFile; fileRef = 012087892185035C007B7C43 /* ActionTableViewCell.swift */; };
		0120878C21851D0A007B7C43 /* CustomFont.swift in Sources */ = {isa = PBXBuildFile; fileRef = 0120878B21851D0A007B7C43 /* CustomFont.swift */; };
		0120878F2185303F007B7C43 /* CKPost.swift in Sources */ = {isa = PBXBuildFile; fileRef = 0120878E2185303F007B7C43 /* CKPost.swift */; };
		01208792218536E3007B7C43 /* CloudKitPostController.swift in Sources */ = {isa = PBXBuildFile; fileRef = 01208791218536E3007B7C43 /* CloudKitPostController.swift */; };
		01208797218538B4007B7C43 /* Extentions.swift in Sources */ = {isa = PBXBuildFile; fileRef = 01208796218538B4007B7C43 /* Extentions.swift */; };
		012521B621E8784100BCD32F /* Assets.xcassets in Resources */ = {isa = PBXBuildFile; fileRef = 012521B521E8784100BCD32F /* Assets.xcassets */; };
		012521BB21E93E8100BCD32F /* CustomButton.swift in Sources */ = {isa = PBXBuildFile; fileRef = 012521BA21E93E8100BCD32F /* CustomButton.swift */; };
		012521BE21E93F5800BCD32F /* LoginViewController.swift in Sources */ = {isa = PBXBuildFile; fileRef = 012521BD21E93F5800BCD32F /* LoginViewController.swift */; };
		012D059F22124C1E00741413 /* MyTimer.swift in Sources */ = {isa = PBXBuildFile; fileRef = 012D059E22124C1E00741413 /* MyTimer.swift */; };
		0135D6742204E79900C301A2 /* TimeIntervalExtention.swift in Sources */ = {isa = PBXBuildFile; fileRef = 0135D6732204E79900C301A2 /* TimeIntervalExtention.swift */; };
		0135D6762206384C00C301A2 /* IntExtention.swift in Sources */ = {isa = PBXBuildFile; fileRef = 0135D6752206384C00C301A2 /* IntExtention.swift */; };
		0140A5C822AAB44B00228F52 /* ServiceProtocol.swift in Sources */ = {isa = PBXBuildFile; fileRef = 0140A5C722AAB44B00228F52 /* ServiceProtocol.swift */; };
		0140A5CA22AAB4A700228F52 /* HTTPMethod.swift in Sources */ = {isa = PBXBuildFile; fileRef = 0140A5C922AAB4A700228F52 /* HTTPMethod.swift */; };
		0140A5CC22AAB4F600228F52 /* HTTPTask.swift in Sources */ = {isa = PBXBuildFile; fileRef = 0140A5CB22AAB4F600228F52 /* HTTPTask.swift */; };
		0140A5CE22AAB5A600228F52 /* Router.swift in Sources */ = {isa = PBXBuildFile; fileRef = 0140A5CD22AAB5A600228F52 /* Router.swift */; };
		0140A5D022AAB8B800228F52 /* PrameterEncoding.swift in Sources */ = {isa = PBXBuildFile; fileRef = 0140A5CF22AAB8B800228F52 /* PrameterEncoding.swift */; };
		0140A5D222AAB8DF00228F52 /* URLParameterEncoder.swift in Sources */ = {isa = PBXBuildFile; fileRef = 0140A5D122AAB8DF00228F52 /* URLParameterEncoder.swift */; };
		0140A5D422AABC7B00228F52 /* JSONParameterEncoder.swift in Sources */ = {isa = PBXBuildFile; fileRef = 0140A5D322AABC7B00228F52 /* JSONParameterEncoder.swift */; };
		0140A5D622AACA2C00228F52 /* NetworkLogger.swift in Sources */ = {isa = PBXBuildFile; fileRef = 0140A5D522AACA2C00228F52 /* NetworkLogger.swift */; };
		0140A5DA22AACBB500228F52 /* MovieEndPoint.swift in Sources */ = {isa = PBXBuildFile; fileRef = 0140A5D922AACBB500228F52 /* MovieEndPoint.swift */; };
		0140A5E222B024F900228F52 /* MovieDBWebVC.swift in Sources */ = {isa = PBXBuildFile; fileRef = 0140A5E122B024F800228F52 /* MovieDBWebVC.swift */; };
		0140A5E422B18DB700228F52 /* ShiftableViewController.swift in Sources */ = {isa = PBXBuildFile; fileRef = 0140A5E322B18DB700228F52 /* ShiftableViewController.swift */; };
		01474E102188E38F003B29A0 /* RdPost.swift in Sources */ = {isa = PBXBuildFile; fileRef = 01474E0F2188E38F003B29A0 /* RdPost.swift */; };
		014C8D422203F96C00B4A1E6 /* RepeatingTimer.swift in Sources */ = {isa = PBXBuildFile; fileRef = 014C8D412203F96C00B4A1E6 /* RepeatingTimer.swift */; };
		015FE3C1219C99C70038EA7F /* AuthorController.swift in Sources */ = {isa = PBXBuildFile; fileRef = 015FE3C0219C99C70038EA7F /* AuthorController.swift */; };
		015FE3C3219CDECF0038EA7F /* Discussion.storyboard in Resources */ = {isa = PBXBuildFile; fileRef = 015FE3C2219CDECF0038EA7F /* Discussion.storyboard */; };
		015FE3C5219CDF5A0038EA7F /* DiscussionTableViewController.swift in Sources */ = {isa = PBXBuildFile; fileRef = 015FE3C4219CDF5A0038EA7F /* DiscussionTableViewController.swift */; };
		017978EC218745ED004BA6C7 /* Uploading.storyboard in Resources */ = {isa = PBXBuildFile; fileRef = 017978EB218745ED004BA6C7 /* Uploading.storyboard */; };
		017978EE21874952004BA6C7 /* UploadingViewController.swift in Sources */ = {isa = PBXBuildFile; fileRef = 017978ED21874952004BA6C7 /* UploadingViewController.swift */; };
		017978F121874C66004BA6C7 /* SherpaTextField.swift in Sources */ = {isa = PBXBuildFile; fileRef = 017978F021874C66004BA6C7 /* SherpaTextField.swift */; };
		017978F321875BCA004BA6C7 /* CameraManager.swift in Sources */ = {isa = PBXBuildFile; fileRef = 017978F221875BCA004BA6C7 /* CameraManager.swift */; };
		0179790521877C91004BA6C7 /* CloudKit.framework in Frameworks */ = {isa = PBXBuildFile; fileRef = 0179790421877C91004BA6C7 /* CloudKit.framework */; };
		0179790721877E6F004BA6C7 /* PublicAccess.swift in Sources */ = {isa = PBXBuildFile; fileRef = 0179790621877E6F004BA6C7 /* PublicAccess.swift */; };
		01797909218784B0004BA6C7 /* Feed.storyboard in Resources */ = {isa = PBXBuildFile; fileRef = 01797908218784B0004BA6C7 /* Feed.storyboard */; };
		0179790B21878595004BA6C7 /* FeedTableViewController.swift in Sources */ = {isa = PBXBuildFile; fileRef = 0179790A21878595004BA6C7 /* FeedTableViewController.swift */; };
		0179790D21878661004BA6C7 /* FeedTableViewCell.swift in Sources */ = {isa = PBXBuildFile; fileRef = 0179790C21878661004BA6C7 /* FeedTableViewCell.swift */; };
		017979122187AA9B004BA6C7 /* PublicProtocols.swift in Sources */ = {isa = PBXBuildFile; fileRef = 017979112187AA9B004BA6C7 /* PublicProtocols.swift */; };
		017979142187CCE1004BA6C7 /* GoogleService-Info.plist in Resources */ = {isa = PBXBuildFile; fileRef = 017979132187CCE1004BA6C7 /* GoogleService-Info.plist */; };
		017BD90A221769E2002669EE /* CKPostTest.swift in Sources */ = {isa = PBXBuildFile; fileRef = 017BD909221769E2002669EE /* CKPostTest.swift */; };
		017BD90C22177A43002669EE /* ThreadSafe.swift in Sources */ = {isa = PBXBuildFile; fileRef = 017BD90B22177A43002669EE /* ThreadSafe.swift */; };
		017BD90E22177ADB002669EE /* ArrayExtention.swift in Sources */ = {isa = PBXBuildFile; fileRef = 017BD90D22177ADB002669EE /* ArrayExtention.swift */; };
		017E345A2266BB9800B493E1 /* MovieController.swift in Sources */ = {isa = PBXBuildFile; fileRef = 017E34592266BB9800B493E1 /* MovieController.swift */; };
		018E18DB22BBEFE100955731 /* FBCommentController.swift in Sources */ = {isa = PBXBuildFile; fileRef = 018E18DA22BBEFE100955731 /* FBCommentController.swift */; };
		018E18DD22BBF07400955731 /* FBComment.swift in Sources */ = {isa = PBXBuildFile; fileRef = 018E18DC22BBF07400955731 /* FBComment.swift */; };
		018E18E122BDE34700955731 /* LatestNewsTableViewCell.swift in Sources */ = {isa = PBXBuildFile; fileRef = 018E18E022BDE34700955731 /* LatestNewsTableViewCell.swift */; };
		01904BCA22B3063600EBBB89 /* ReportAbuse.storyboard in Resources */ = {isa = PBXBuildFile; fileRef = 01904BC922B3063600EBBB89 /* ReportAbuse.storyboard */; };
		01904BCC22B3089500EBBB89 /* Report.swift in Sources */ = {isa = PBXBuildFile; fileRef = 01904BCB22B3089500EBBB89 /* Report.swift */; };
		01904BCF22B3FD9300EBBB89 /* ReportTableViewController.swift in Sources */ = {isa = PBXBuildFile; fileRef = 01904BCE22B3FD9300EBBB89 /* ReportTableViewController.swift */; };
		01904BD122B4146400EBBB89 /* ReportDetailViewController.swift in Sources */ = {isa = PBXBuildFile; fileRef = 01904BD022B4146400EBBB89 /* ReportDetailViewController.swift */; };
		01904BD522B46ECF00EBBB89 /* SubmitReportVC.swift in Sources */ = {isa = PBXBuildFile; fileRef = 01904BD422B46ECF00EBBB89 /* SubmitReportVC.swift */; };
		01904BD822B47A0000EBBB89 /* CKReport.swift in Sources */ = {isa = PBXBuildFile; fileRef = 01904BD722B47A0000EBBB89 /* CKReport.swift */; };
		01904BDA22B47A4700EBBB89 /* FbReport.swift in Sources */ = {isa = PBXBuildFile; fileRef = 01904BD922B47A4700EBBB89 /* FbReport.swift */; };
		019EB3DD21A1114600BD9FC2 /* AuthorTableViewController.swift in Sources */ = {isa = PBXBuildFile; fileRef = 019EB3DC21A1114600BD9FC2 /* AuthorTableViewController.swift */; };
		019EB3E121A1325A00BD9FC2 /* AuthorTableViewCell.swift in Sources */ = {isa = PBXBuildFile; fileRef = 019EB3E021A1325A00BD9FC2 /* AuthorTableViewCell.swift */; };
		019EB3E321A135D800BD9FC2 /* CardView.swift in Sources */ = {isa = PBXBuildFile; fileRef = 019EB3E221A135D800BD9FC2 /* CardView.swift */; };
		019FEAB522C057E900419590 /* AddThoughtTableViewCell.swift in Sources */ = {isa = PBXBuildFile; fileRef = 019FEAB422C057E900419590 /* AddThoughtTableViewCell.swift */; };
		019FEAB722C0591800419590 /* ThoughtTableViewCell.swift in Sources */ = {isa = PBXBuildFile; fileRef = 019FEAB622C0591800419590 /* ThoughtTableViewCell.swift */; };
		019FEAB922C0762200419590 /* ShareThoughtViewController.swift in Sources */ = {isa = PBXBuildFile; fileRef = 019FEAB822C0762200419590 /* ShareThoughtViewController.swift */; };
		01A41BBC22F901BD00F37E02 /* AnimationStep.swift in Sources */ = {isa = PBXBuildFile; fileRef = 01A41BBB22F901BD00F37E02 /* AnimationStep.swift */; };
		01A41BBE22F901E500F37E02 /* AnimationSequence.swift in Sources */ = {isa = PBXBuildFile; fileRef = 01A41BBD22F901E500F37E02 /* AnimationSequence.swift */; };
		01A41BC122F902B800F37E02 /* FirstOnboardVC.swift in Sources */ = {isa = PBXBuildFile; fileRef = 01A41BC022F902B800F37E02 /* FirstOnboardVC.swift */; };
		01A41BC322F9030800F37E02 /* OnboardingPageVC.swift in Sources */ = {isa = PBXBuildFile; fileRef = 01A41BC222F9030800F37E02 /* OnboardingPageVC.swift */; };
		01A41BC622F9035900F37E02 /* AppStoryboard.swift in Sources */ = {isa = PBXBuildFile; fileRef = 01A41BC522F9035900F37E02 /* AppStoryboard.swift */; };
		01A41BC822F9046A00F37E02 /* ScondOnboardVC.swift in Sources */ = {isa = PBXBuildFile; fileRef = 01A41BC722F9046A00F37E02 /* ScondOnboardVC.swift */; };
		01A41BCA22F9049500F37E02 /* ThridOnboardVC.swift in Sources */ = {isa = PBXBuildFile; fileRef = 01A41BC922F9049500F37E02 /* ThridOnboardVC.swift */; };
		01A41BCC22F9056800F37E02 /* Onboard.storyboard in Resources */ = {isa = PBXBuildFile; fileRef = 01A41BCB22F9056800F37E02 /* Onboard.storyboard */; };
		01AB924822FC89F7001D86DE /* Vote.storyboard in Resources */ = {isa = PBXBuildFile; fileRef = 01AB924722FC89F7001D86DE /* Vote.storyboard */; };
		01AB924A22FC91CA001D86DE /* VoteViewController.swift in Sources */ = {isa = PBXBuildFile; fileRef = 01AB924922FC91CA001D86DE /* VoteViewController.swift */; };
		01AB924C22FC9C6F001D86DE /* VoteController.swift in Sources */ = {isa = PBXBuildFile; fileRef = 01AB924B22FC9C6F001D86DE /* VoteController.swift */; };
		01B1F74A22F0B84100A128BA /* FBThought.swift in Sources */ = {isa = PBXBuildFile; fileRef = 01B1F74922F0B84100A128BA /* FBThought.swift */; };
		01B1F74C22F0C00700A128BA /* FBDiscussionController.swift in Sources */ = {isa = PBXBuildFile; fileRef = 01B1F74B22F0C00700A128BA /* FBDiscussionController.swift */; };
		01C85E90225BD72E007D1237 /* BenchTimer.swift in Sources */ = {isa = PBXBuildFile; fileRef = 01C85E8F225BD72D007D1237 /* BenchTimer.swift */; };
		01C85E92225CF1E5007D1237 /* Overlay.storyboard in Resources */ = {isa = PBXBuildFile; fileRef = 01C85E91225CF1E5007D1237 /* Overlay.storyboard */; };
		01C85E95225CF244007D1237 /* OverlayVC.swift in Sources */ = {isa = PBXBuildFile; fileRef = 01C85E94225CF244007D1237 /* OverlayVC.swift */; };
		01C85E97225D5EA1007D1237 /* MovieDB.storyboard in Resources */ = {isa = PBXBuildFile; fileRef = 01C85E96225D5EA1007D1237 /* MovieDB.storyboard */; };
		01C85E99225D5FB3007D1237 /* MovieDBViewController.swift in Sources */ = {isa = PBXBuildFile; fileRef = 01C85E98225D5FB3007D1237 /* MovieDBViewController.swift */; };
		01C85E9B225D7346007D1237 /* MovieOverlayView.swift in Sources */ = {isa = PBXBuildFile; fileRef = 01C85E9A225D7346007D1237 /* MovieOverlayView.swift */; };
		01C85E9E225D7582007D1237 /* MovieOverlayView.xib in Resources */ = {isa = PBXBuildFile; fileRef = 01C85E9D225D7582007D1237 /* MovieOverlayView.xib */; };
		01C85EA0225D8062007D1237 /* Moive.swift in Sources */ = {isa = PBXBuildFile; fileRef = 01C85E9F225D8062007D1237 /* Moive.swift */; };
		01F7B21721962E7D00902239 /* Post.swift in Sources */ = {isa = PBXBuildFile; fileRef = 01F7B21621962E7D00902239 /* Post.swift */; };
		01F7B25F21964BA700902239 /* Comment.swift in Sources */ = {isa = PBXBuildFile; fileRef = 01F7B25E21964BA700902239 /* Comment.swift */; };
		01F7B26121964C6F00902239 /* CKComment.swift in Sources */ = {isa = PBXBuildFile; fileRef = 01F7B26021964C6F00902239 /* CKComment.swift */; };
		01F7B26321979E8C00902239 /* CommentListTableViewController.swift in Sources */ = {isa = PBXBuildFile; fileRef = 01F7B26221979E8C00902239 /* CommentListTableViewController.swift */; };
		3B8B14443CEA4C653A8DF8B2 /* Pods_Sherpa.framework in Frameworks */ = {isa = PBXBuildFile; fileRef = 9A5F4D00821B7ECDDDDC5D29 /* Pods_Sherpa.framework */; };
/* End PBXBuildFile section */

/* Begin PBXContainerItemProxy section */
		0120871B2184D3CF007B7C43 /* PBXContainerItemProxy */ = {
			isa = PBXContainerItemProxy;
			containerPortal = 012086FE2184D3CE007B7C43 /* Project object */;
			proxyType = 1;
			remoteGlobalIDString = 012087052184D3CE007B7C43;
			remoteInfo = Sherpa;
		};
/* End PBXContainerItemProxy section */

/* Begin PBXFileReference section */
		01035FF521C6C4580023BD60 /* Author.swift */ = {isa = PBXFileReference; lastKnownFileType = sourcecode.swift; path = Author.swift; sourceTree = "<group>"; };
		01035FF821C6E8A50023BD60 /* Protocols.swift */ = {isa = PBXFileReference; lastKnownFileType = sourcecode.swift; path = Protocols.swift; sourceTree = "<group>"; };
		0107E1B322C07A5A006B8555 /* Thought.swift */ = {isa = PBXFileReference; lastKnownFileType = sourcecode.swift; path = Thought.swift; sourceTree = "<group>"; };
		0107E1B522C11D71006B8555 /* CKThought.swift */ = {isa = PBXFileReference; lastKnownFileType = sourcecode.swift; path = CKThought.swift; sourceTree = "<group>"; };
		0107E1B722C12E4E006B8555 /* CKDisicussionController.swift */ = {isa = PBXFileReference; lastKnownFileType = sourcecode.swift; path = CKDisicussionController.swift; sourceTree = "<group>"; };
		0107E1B922C19675006B8555 /* ShareThought.storyboard */ = {isa = PBXFileReference; lastKnownFileType = file.storyboard; path = ShareThought.storyboard; sourceTree = "<group>"; };
		0108764521880CB300FAC3BE /* FBPost.swift */ = {isa = PBXFileReference; lastKnownFileType = sourcecode.swift; path = FBPost.swift; sourceTree = "<group>"; };
		01087647218812B000FAC3BE /* FireBasePostController.swift */ = {isa = PBXFileReference; lastKnownFileType = sourcecode.swift; path = FireBasePostController.swift; sourceTree = "<group>"; };
		010876492188138900FAC3BE /* NetworkError.swift */ = {isa = PBXFileReference; lastKnownFileType = sourcecode.swift; path = NetworkError.swift; sourceTree = "<group>"; };
		0108764B2188178E00FAC3BE /* NetworkManager.swift */ = {isa = PBXFileReference; lastKnownFileType = sourcecode.swift; path = NetworkManager.swift; sourceTree = "<group>"; };
		0108764F21881C1600FAC3BE /* FBPostTableViewController.swift */ = {isa = PBXFileReference; lastKnownFileType = sourcecode.swift; path = FBPostTableViewController.swift; sourceTree = "<group>"; };
		0108765121881CDB00FAC3BE /* FBPost.storyboard */ = {isa = PBXFileReference; lastKnownFileType = file.storyboard; path = FBPost.storyboard; sourceTree = "<group>"; };
		0108765321882F4F00FAC3BE /* Reddit.storyboard */ = {isa = PBXFileReference; lastKnownFileType = file.storyboard; path = Reddit.storyboard; sourceTree = "<group>"; };
		0108765521882F6800FAC3BE /* RedditTableViewController.swift */ = {isa = PBXFileReference; lastKnownFileType = sourcecode.swift; path = RedditTableViewController.swift; sourceTree = "<group>"; };
		0108765B2188337B00FAC3BE /* RedditPostController.swift */ = {isa = PBXFileReference; lastKnownFileType = sourcecode.swift; path = RedditPostController.swift; sourceTree = "<group>"; };
		0108765D2188A63A00FAC3BE /* RedditTableViewCell.swift */ = {isa = PBXFileReference; lastKnownFileType = sourcecode.swift; path = RedditTableViewCell.swift; sourceTree = "<group>"; };
		0108765F2188BBA800FAC3BE /* StorageManager.swift */ = {isa = PBXFileReference; lastKnownFileType = sourcecode.swift; path = StorageManager.swift; sourceTree = "<group>"; };
		01141AC122BB046E00B4C4BF /* DateHelper.swift */ = {isa = PBXFileReference; lastKnownFileType = sourcecode.swift; path = DateHelper.swift; sourceTree = "<group>"; };
		011B109D22B5E1810092BADE /* FBFeedTableViewCell.swift */ = {isa = PBXFileReference; lastKnownFileType = sourcecode.swift; path = FBFeedTableViewCell.swift; sourceTree = "<group>"; };
		011B109F22B5E88E0092BADE /* FBReportController.swift */ = {isa = PBXFileReference; lastKnownFileType = sourcecode.swift; path = FBReportController.swift; sourceTree = "<group>"; };
		011B10A122B7FCA30092BADE /* CKReportController.swift */ = {isa = PBXFileReference; lastKnownFileType = sourcecode.swift; path = CKReportController.swift; sourceTree = "<group>"; };
		012087062184D3CE007B7C43 /* Sherpa.app */ = {isa = PBXFileReference; explicitFileType = wrapper.application; includeInIndex = 0; path = Sherpa.app; sourceTree = BUILT_PRODUCTS_DIR; };
		012087092184D3CE007B7C43 /* AppDelegate.swift */ = {isa = PBXFileReference; lastKnownFileType = sourcecode.swift; path = AppDelegate.swift; sourceTree = "<group>"; };
		0120870E2184D3CE007B7C43 /* Base */ = {isa = PBXFileReference; lastKnownFileType = file.storyboard; name = Base; path = Base.lproj/Main.storyboard; sourceTree = "<group>"; };
		012087132184D3CF007B7C43 /* Base */ = {isa = PBXFileReference; lastKnownFileType = file.storyboard; name = Base; path = Base.lproj/LaunchScreen.storyboard; sourceTree = "<group>"; };
		012087152184D3CF007B7C43 /* Info.plist */ = {isa = PBXFileReference; lastKnownFileType = text.plist.xml; path = Info.plist; sourceTree = "<group>"; };
		0120871A2184D3CF007B7C43 /* SherpaTests.xctest */ = {isa = PBXFileReference; explicitFileType = wrapper.cfbundle; includeInIndex = 0; path = SherpaTests.xctest; sourceTree = BUILT_PRODUCTS_DIR; };
		0120871E2184D3CF007B7C43 /* SherpaTests.swift */ = {isa = PBXFileReference; lastKnownFileType = sourcecode.swift; path = SherpaTests.swift; sourceTree = "<group>"; };
		012087202184D3CF007B7C43 /* Info.plist */ = {isa = PBXFileReference; lastKnownFileType = text.plist.xml; path = Info.plist; sourceTree = "<group>"; };
		0120872B2184D68F007B7C43 /* MainTabBar.storyboard */ = {isa = PBXFileReference; lastKnownFileType = file.storyboard; path = MainTabBar.storyboard; sourceTree = "<group>"; };
		0120872E2184D83D007B7C43 /* HomeViewController.swift */ = {isa = PBXFileReference; lastKnownFileType = sourcecode.swift; path = HomeViewController.swift; sourceTree = "<group>"; };
		012087302184D977007B7C43 /* DataBaseActionTab.storyboard */ = {isa = PBXFileReference; lastKnownFileType = file.storyboard; path = DataBaseActionTab.storyboard; sourceTree = "<group>"; };
		012087342184DA36007B7C43 /* DataBaseActionTableViewController.swift */ = {isa = PBXFileReference; lastKnownFileType = sourcecode.swift; path = DataBaseActionTableViewController.swift; sourceTree = "<group>"; };
		012087382184DB56007B7C43 /* MainTabBarViewController.swift */ = {isa = PBXFileReference; lastKnownFileType = sourcecode.swift; path = MainTabBarViewController.swift; sourceTree = "<group>"; };
		012087402184E362007B7C43 /* HomeCollectionViewCell.swift */ = {isa = PBXFileReference; lastKnownFileType = sourcecode.swift; path = HomeCollectionViewCell.swift; sourceTree = "<group>"; };
		012087432184E4F5007B7C43 /* Constants.swift */ = {isa = PBXFileReference; lastKnownFileType = sourcecode.swift; path = Constants.swift; sourceTree = "<group>"; };
		012087452184E814007B7C43 /* HomeSections.swift */ = {isa = PBXFileReference; lastKnownFileType = sourcecode.swift; path = HomeSections.swift; sourceTree = "<group>"; };
		012087482184F164007B7C43 /* SF-Pro-Display-Thin.otf */ = {isa = PBXFileReference; lastKnownFileType = file; path = "SF-Pro-Display-Thin.otf"; sourceTree = "<group>"; };
		012087492184F164007B7C43 /* SF-Pro-Display-SemiboldItalic.otf */ = {isa = PBXFileReference; lastKnownFileType = file; path = "SF-Pro-Display-SemiboldItalic.otf"; sourceTree = "<group>"; };
		0120874A2184F164007B7C43 /* SF-Pro-Text-Heavy.otf */ = {isa = PBXFileReference; lastKnownFileType = file; path = "SF-Pro-Text-Heavy.otf"; sourceTree = "<group>"; };
		0120874B2184F164007B7C43 /* SF-Pro-Display-RegularItalic.otf */ = {isa = PBXFileReference; lastKnownFileType = file; path = "SF-Pro-Display-RegularItalic.otf"; sourceTree = "<group>"; };
		0120874C2184F164007B7C43 /* SF-Pro-Display-Light.otf */ = {isa = PBXFileReference; lastKnownFileType = file; path = "SF-Pro-Display-Light.otf"; sourceTree = "<group>"; };
		0120874D2184F164007B7C43 /* SF-Pro-Display-Regular.otf */ = {isa = PBXFileReference; lastKnownFileType = file; path = "SF-Pro-Display-Regular.otf"; sourceTree = "<group>"; };
		0120874E2184F164007B7C43 /* SF-Pro-Text-MediumItalic.otf */ = {isa = PBXFileReference; lastKnownFileType = file; path = "SF-Pro-Text-MediumItalic.otf"; sourceTree = "<group>"; };
		0120874F2184F164007B7C43 /* SF-Pro-Display-Bold.otf */ = {isa = PBXFileReference; lastKnownFileType = file; path = "SF-Pro-Display-Bold.otf"; sourceTree = "<group>"; };
		012087502184F164007B7C43 /* SF-Pro-Display-Medium.otf */ = {isa = PBXFileReference; lastKnownFileType = file; path = "SF-Pro-Display-Medium.otf"; sourceTree = "<group>"; };
		012087512184F164007B7C43 /* SF-Pro-Display-Heavy.otf */ = {isa = PBXFileReference; lastKnownFileType = file; path = "SF-Pro-Display-Heavy.otf"; sourceTree = "<group>"; };
		012087522184F164007B7C43 /* SF-Pro-Text-Light.otf */ = {isa = PBXFileReference; lastKnownFileType = file; path = "SF-Pro-Text-Light.otf"; sourceTree = "<group>"; };
		012087532184F164007B7C43 /* SF-Pro-Display-Semibold.otf */ = {isa = PBXFileReference; lastKnownFileType = file; path = "SF-Pro-Display-Semibold.otf"; sourceTree = "<group>"; };
		012087542184F164007B7C43 /* SF-Pro-Text-Regular.otf */ = {isa = PBXFileReference; lastKnownFileType = file; path = "SF-Pro-Text-Regular.otf"; sourceTree = "<group>"; };
		012087552184F164007B7C43 /* SF-Pro-Text-Bold.otf */ = {isa = PBXFileReference; lastKnownFileType = file; path = "SF-Pro-Text-Bold.otf"; sourceTree = "<group>"; };
		012087562184F164007B7C43 /* SF-Pro-Display-MediumItalic.otf */ = {isa = PBXFileReference; lastKnownFileType = file; path = "SF-Pro-Display-MediumItalic.otf"; sourceTree = "<group>"; };
		012087572184F164007B7C43 /* SF-Pro-Display-HeavyItalic.otf */ = {isa = PBXFileReference; lastKnownFileType = file; path = "SF-Pro-Display-HeavyItalic.otf"; sourceTree = "<group>"; };
		012087582184F164007B7C43 /* SF-Pro-Display-Ultralight.otf */ = {isa = PBXFileReference; lastKnownFileType = file; path = "SF-Pro-Display-Ultralight.otf"; sourceTree = "<group>"; };
		012087592184F164007B7C43 /* SF-Pro-Display-UltralightItalic.otf */ = {isa = PBXFileReference; lastKnownFileType = file; path = "SF-Pro-Display-UltralightItalic.otf"; sourceTree = "<group>"; };
		0120875A2184F164007B7C43 /* SF-Pro-Display-LightItalic.otf */ = {isa = PBXFileReference; lastKnownFileType = file; path = "SF-Pro-Display-LightItalic.otf"; sourceTree = "<group>"; };
		0120875B2184F164007B7C43 /* SF-Pro-Display-BlackItalic.otf */ = {isa = PBXFileReference; lastKnownFileType = file; path = "SF-Pro-Display-BlackItalic.otf"; sourceTree = "<group>"; };
		0120875C2184F164007B7C43 /* SF-Pro-Display-Black.otf */ = {isa = PBXFileReference; lastKnownFileType = file; path = "SF-Pro-Display-Black.otf"; sourceTree = "<group>"; };
		0120875D2184F164007B7C43 /* SF-Pro-Text-BoldItalic.otf */ = {isa = PBXFileReference; lastKnownFileType = file; path = "SF-Pro-Text-BoldItalic.otf"; sourceTree = "<group>"; };
		0120875E2184F164007B7C43 /* SF-Pro-Text-RegularItalic.otf */ = {isa = PBXFileReference; lastKnownFileType = file; path = "SF-Pro-Text-RegularItalic.otf"; sourceTree = "<group>"; };
		0120875F2184F164007B7C43 /* SF-Pro-Text-Semibold.otf */ = {isa = PBXFileReference; lastKnownFileType = file; path = "SF-Pro-Text-Semibold.otf"; sourceTree = "<group>"; };
		012087602184F164007B7C43 /* SF-Pro-Text-HeavyItalic.otf */ = {isa = PBXFileReference; lastKnownFileType = file; path = "SF-Pro-Text-HeavyItalic.otf"; sourceTree = "<group>"; };
		012087612184F164007B7C43 /* SF-Pro-Display-ThinItalic.otf */ = {isa = PBXFileReference; lastKnownFileType = file; path = "SF-Pro-Display-ThinItalic.otf"; sourceTree = "<group>"; };
		012087622184F164007B7C43 /* SF-Pro-Text-LightItalic.otf */ = {isa = PBXFileReference; lastKnownFileType = file; path = "SF-Pro-Text-LightItalic.otf"; sourceTree = "<group>"; };
		012087632184F164007B7C43 /* SF-Pro-Text-Medium.otf */ = {isa = PBXFileReference; lastKnownFileType = file; path = "SF-Pro-Text-Medium.otf"; sourceTree = "<group>"; };
		012087642184F164007B7C43 /* SF-Pro-Display-BoldItalic.otf */ = {isa = PBXFileReference; lastKnownFileType = file; path = "SF-Pro-Display-BoldItalic.otf"; sourceTree = "<group>"; };
		012087652184F164007B7C43 /* SF-Pro-Text-SemiboldItalic.otf */ = {isa = PBXFileReference; lastKnownFileType = file; path = "SF-Pro-Text-SemiboldItalic.otf"; sourceTree = "<group>"; };
		012087842184F353007B7C43 /* SectionHeaderCollectionReusableView.swift */ = {isa = PBXFileReference; lastKnownFileType = sourcecode.swift; path = SectionHeaderCollectionReusableView.swift; sourceTree = "<group>"; };
		012087872184F59B007B7C43 /* ColorTheme.swift */ = {isa = PBXFileReference; lastKnownFileType = sourcecode.swift; path = ColorTheme.swift; sourceTree = "<group>"; };
		012087892185035C007B7C43 /* ActionTableViewCell.swift */ = {isa = PBXFileReference; lastKnownFileType = sourcecode.swift; path = ActionTableViewCell.swift; sourceTree = "<group>"; };
		0120878B21851D0A007B7C43 /* CustomFont.swift */ = {isa = PBXFileReference; lastKnownFileType = sourcecode.swift; path = CustomFont.swift; sourceTree = "<group>"; };
		0120878E2185303F007B7C43 /* CKPost.swift */ = {isa = PBXFileReference; lastKnownFileType = sourcecode.swift; path = CKPost.swift; sourceTree = "<group>"; };
		01208791218536E3007B7C43 /* CloudKitPostController.swift */ = {isa = PBXFileReference; lastKnownFileType = sourcecode.swift; path = CloudKitPostController.swift; sourceTree = "<group>"; };
		01208796218538B4007B7C43 /* Extentions.swift */ = {isa = PBXFileReference; lastKnownFileType = sourcecode.swift; path = Extentions.swift; sourceTree = "<group>"; };
		012521B521E8784100BCD32F /* Assets.xcassets */ = {isa = PBXFileReference; lastKnownFileType = folder.assetcatalog; path = Assets.xcassets; sourceTree = "<group>"; };
		012521BA21E93E8100BCD32F /* CustomButton.swift */ = {isa = PBXFileReference; lastKnownFileType = sourcecode.swift; path = CustomButton.swift; sourceTree = "<group>"; };
		012521BD21E93F5800BCD32F /* LoginViewController.swift */ = {isa = PBXFileReference; lastKnownFileType = sourcecode.swift; path = LoginViewController.swift; sourceTree = "<group>"; };
		012D059E22124C1E00741413 /* MyTimer.swift */ = {isa = PBXFileReference; lastKnownFileType = sourcecode.swift; path = MyTimer.swift; sourceTree = "<group>"; };
		0135D6732204E79900C301A2 /* TimeIntervalExtention.swift */ = {isa = PBXFileReference; lastKnownFileType = sourcecode.swift; path = TimeIntervalExtention.swift; sourceTree = "<group>"; };
		0135D6752206384C00C301A2 /* IntExtention.swift */ = {isa = PBXFileReference; lastKnownFileType = sourcecode.swift; path = IntExtention.swift; sourceTree = "<group>"; };
		0140A5C722AAB44B00228F52 /* ServiceProtocol.swift */ = {isa = PBXFileReference; lastKnownFileType = sourcecode.swift; path = ServiceProtocol.swift; sourceTree = "<group>"; };
		0140A5C922AAB4A700228F52 /* HTTPMethod.swift */ = {isa = PBXFileReference; lastKnownFileType = sourcecode.swift; path = HTTPMethod.swift; sourceTree = "<group>"; };
		0140A5CB22AAB4F600228F52 /* HTTPTask.swift */ = {isa = PBXFileReference; lastKnownFileType = sourcecode.swift; path = HTTPTask.swift; sourceTree = "<group>"; };
		0140A5CD22AAB5A600228F52 /* Router.swift */ = {isa = PBXFileReference; lastKnownFileType = sourcecode.swift; path = Router.swift; sourceTree = "<group>"; };
		0140A5CF22AAB8B800228F52 /* PrameterEncoding.swift */ = {isa = PBXFileReference; lastKnownFileType = sourcecode.swift; path = PrameterEncoding.swift; sourceTree = "<group>"; };
		0140A5D122AAB8DF00228F52 /* URLParameterEncoder.swift */ = {isa = PBXFileReference; lastKnownFileType = sourcecode.swift; path = URLParameterEncoder.swift; sourceTree = "<group>"; };
		0140A5D322AABC7B00228F52 /* JSONParameterEncoder.swift */ = {isa = PBXFileReference; lastKnownFileType = sourcecode.swift; path = JSONParameterEncoder.swift; sourceTree = "<group>"; };
		0140A5D522AACA2C00228F52 /* NetworkLogger.swift */ = {isa = PBXFileReference; lastKnownFileType = sourcecode.swift; path = NetworkLogger.swift; sourceTree = "<group>"; };
		0140A5D922AACBB500228F52 /* MovieEndPoint.swift */ = {isa = PBXFileReference; lastKnownFileType = sourcecode.swift; path = MovieEndPoint.swift; sourceTree = "<group>"; };
		0140A5E122B024F800228F52 /* MovieDBWebVC.swift */ = {isa = PBXFileReference; lastKnownFileType = sourcecode.swift; path = MovieDBWebVC.swift; sourceTree = "<group>"; };
		0140A5E322B18DB700228F52 /* ShiftableViewController.swift */ = {isa = PBXFileReference; lastKnownFileType = sourcecode.swift; path = ShiftableViewController.swift; sourceTree = "<group>"; };
		01474E0F2188E38F003B29A0 /* RdPost.swift */ = {isa = PBXFileReference; lastKnownFileType = sourcecode.swift; path = RdPost.swift; sourceTree = "<group>"; };
		014C8D412203F96C00B4A1E6 /* RepeatingTimer.swift */ = {isa = PBXFileReference; lastKnownFileType = sourcecode.swift; path = RepeatingTimer.swift; sourceTree = "<group>"; };
		015FE3C0219C99C70038EA7F /* AuthorController.swift */ = {isa = PBXFileReference; lastKnownFileType = sourcecode.swift; path = AuthorController.swift; sourceTree = "<group>"; };
		015FE3C2219CDECF0038EA7F /* Discussion.storyboard */ = {isa = PBXFileReference; lastKnownFileType = file.storyboard; path = Discussion.storyboard; sourceTree = "<group>"; };
		015FE3C4219CDF5A0038EA7F /* DiscussionTableViewController.swift */ = {isa = PBXFileReference; lastKnownFileType = sourcecode.swift; path = DiscussionTableViewController.swift; sourceTree = "<group>"; };
		017978EB218745ED004BA6C7 /* Uploading.storyboard */ = {isa = PBXFileReference; lastKnownFileType = file.storyboard; path = Uploading.storyboard; sourceTree = "<group>"; };
		017978ED21874952004BA6C7 /* UploadingViewController.swift */ = {isa = PBXFileReference; lastKnownFileType = sourcecode.swift; path = UploadingViewController.swift; sourceTree = "<group>"; };
		017978F021874C66004BA6C7 /* SherpaTextField.swift */ = {isa = PBXFileReference; lastKnownFileType = sourcecode.swift; path = SherpaTextField.swift; sourceTree = "<group>"; };
		017978F221875BCA004BA6C7 /* CameraManager.swift */ = {isa = PBXFileReference; lastKnownFileType = sourcecode.swift; path = CameraManager.swift; sourceTree = "<group>"; };
		0179790221877C8D004BA6C7 /* Sherpa.entitlements */ = {isa = PBXFileReference; lastKnownFileType = text.plist.entitlements; path = Sherpa.entitlements; sourceTree = "<group>"; };
		0179790421877C91004BA6C7 /* CloudKit.framework */ = {isa = PBXFileReference; lastKnownFileType = wrapper.framework; name = CloudKit.framework; path = System/Library/Frameworks/CloudKit.framework; sourceTree = SDKROOT; };
		0179790621877E6F004BA6C7 /* PublicAccess.swift */ = {isa = PBXFileReference; lastKnownFileType = sourcecode.swift; path = PublicAccess.swift; sourceTree = "<group>"; };
		01797908218784B0004BA6C7 /* Feed.storyboard */ = {isa = PBXFileReference; lastKnownFileType = file.storyboard; path = Feed.storyboard; sourceTree = "<group>"; };
		0179790A21878595004BA6C7 /* FeedTableViewController.swift */ = {isa = PBXFileReference; lastKnownFileType = sourcecode.swift; path = FeedTableViewController.swift; sourceTree = "<group>"; };
		0179790C21878661004BA6C7 /* FeedTableViewCell.swift */ = {isa = PBXFileReference; lastKnownFileType = sourcecode.swift; path = FeedTableViewCell.swift; sourceTree = "<group>"; };
		017979112187AA9B004BA6C7 /* PublicProtocols.swift */ = {isa = PBXFileReference; lastKnownFileType = sourcecode.swift; path = PublicProtocols.swift; sourceTree = "<group>"; };
		017979132187CCE1004BA6C7 /* GoogleService-Info.plist */ = {isa = PBXFileReference; fileEncoding = 4; lastKnownFileType = text.plist.xml; path = "GoogleService-Info.plist"; sourceTree = "<group>"; };
		017BD909221769E2002669EE /* CKPostTest.swift */ = {isa = PBXFileReference; lastKnownFileType = sourcecode.swift; path = CKPostTest.swift; sourceTree = "<group>"; };
		017BD90B22177A43002669EE /* ThreadSafe.swift */ = {isa = PBXFileReference; lastKnownFileType = sourcecode.swift; path = ThreadSafe.swift; sourceTree = "<group>"; };
		017BD90D22177ADB002669EE /* ArrayExtention.swift */ = {isa = PBXFileReference; lastKnownFileType = sourcecode.swift; path = ArrayExtention.swift; sourceTree = "<group>"; };
		017E34592266BB9800B493E1 /* MovieController.swift */ = {isa = PBXFileReference; lastKnownFileType = sourcecode.swift; path = MovieController.swift; sourceTree = "<group>"; };
		018E18DA22BBEFE100955731 /* FBCommentController.swift */ = {isa = PBXFileReference; lastKnownFileType = sourcecode.swift; path = FBCommentController.swift; sourceTree = "<group>"; };
		018E18DC22BBF07400955731 /* FBComment.swift */ = {isa = PBXFileReference; lastKnownFileType = sourcecode.swift; path = FBComment.swift; sourceTree = "<group>"; };
		018E18E022BDE34700955731 /* LatestNewsTableViewCell.swift */ = {isa = PBXFileReference; lastKnownFileType = sourcecode.swift; path = LatestNewsTableViewCell.swift; sourceTree = "<group>"; };
		01904BC922B3063600EBBB89 /* ReportAbuse.storyboard */ = {isa = PBXFileReference; lastKnownFileType = file.storyboard; path = ReportAbuse.storyboard; sourceTree = "<group>"; };
		01904BCB22B3089500EBBB89 /* Report.swift */ = {isa = PBXFileReference; lastKnownFileType = sourcecode.swift; path = Report.swift; sourceTree = "<group>"; };
		01904BCE22B3FD9300EBBB89 /* ReportTableViewController.swift */ = {isa = PBXFileReference; lastKnownFileType = sourcecode.swift; path = ReportTableViewController.swift; sourceTree = "<group>"; };
		01904BD022B4146400EBBB89 /* ReportDetailViewController.swift */ = {isa = PBXFileReference; lastKnownFileType = sourcecode.swift; path = ReportDetailViewController.swift; sourceTree = "<group>"; };
		01904BD422B46ECF00EBBB89 /* SubmitReportVC.swift */ = {isa = PBXFileReference; lastKnownFileType = sourcecode.swift; path = SubmitReportVC.swift; sourceTree = "<group>"; };
		01904BD722B47A0000EBBB89 /* CKReport.swift */ = {isa = PBXFileReference; lastKnownFileType = sourcecode.swift; path = CKReport.swift; sourceTree = "<group>"; };
		01904BD922B47A4700EBBB89 /* FbReport.swift */ = {isa = PBXFileReference; lastKnownFileType = sourcecode.swift; path = FbReport.swift; sourceTree = "<group>"; };
		019EB3DC21A1114600BD9FC2 /* AuthorTableViewController.swift */ = {isa = PBXFileReference; lastKnownFileType = sourcecode.swift; path = AuthorTableViewController.swift; sourceTree = "<group>"; };
		019EB3E021A1325A00BD9FC2 /* AuthorTableViewCell.swift */ = {isa = PBXFileReference; lastKnownFileType = sourcecode.swift; path = AuthorTableViewCell.swift; sourceTree = "<group>"; };
		019EB3E221A135D800BD9FC2 /* CardView.swift */ = {isa = PBXFileReference; lastKnownFileType = sourcecode.swift; path = CardView.swift; sourceTree = "<group>"; };
		019FEAB422C057E900419590 /* AddThoughtTableViewCell.swift */ = {isa = PBXFileReference; lastKnownFileType = sourcecode.swift; path = AddThoughtTableViewCell.swift; sourceTree = "<group>"; };
		019FEAB622C0591800419590 /* ThoughtTableViewCell.swift */ = {isa = PBXFileReference; lastKnownFileType = sourcecode.swift; path = ThoughtTableViewCell.swift; sourceTree = "<group>"; };
		019FEAB822C0762200419590 /* ShareThoughtViewController.swift */ = {isa = PBXFileReference; lastKnownFileType = sourcecode.swift; path = ShareThoughtViewController.swift; sourceTree = "<group>"; };
		01A41BBB22F901BD00F37E02 /* AnimationStep.swift */ = {isa = PBXFileReference; lastKnownFileType = sourcecode.swift; path = AnimationStep.swift; sourceTree = "<group>"; };
		01A41BBD22F901E500F37E02 /* AnimationSequence.swift */ = {isa = PBXFileReference; lastKnownFileType = sourcecode.swift; path = AnimationSequence.swift; sourceTree = "<group>"; };
		01A41BC022F902B800F37E02 /* FirstOnboardVC.swift */ = {isa = PBXFileReference; lastKnownFileType = sourcecode.swift; path = FirstOnboardVC.swift; sourceTree = "<group>"; };
		01A41BC222F9030800F37E02 /* OnboardingPageVC.swift */ = {isa = PBXFileReference; lastKnownFileType = sourcecode.swift; path = OnboardingPageVC.swift; sourceTree = "<group>"; };
		01A41BC522F9035900F37E02 /* AppStoryboard.swift */ = {isa = PBXFileReference; lastKnownFileType = sourcecode.swift; path = AppStoryboard.swift; sourceTree = "<group>"; };
		01A41BC722F9046A00F37E02 /* ScondOnboardVC.swift */ = {isa = PBXFileReference; lastKnownFileType = sourcecode.swift; path = ScondOnboardVC.swift; sourceTree = "<group>"; };
		01A41BC922F9049500F37E02 /* ThridOnboardVC.swift */ = {isa = PBXFileReference; lastKnownFileType = sourcecode.swift; path = ThridOnboardVC.swift; sourceTree = "<group>"; };
		01A41BCB22F9056800F37E02 /* Onboard.storyboard */ = {isa = PBXFileReference; lastKnownFileType = file.storyboard; path = Onboard.storyboard; sourceTree = "<group>"; };
		01AB924722FC89F7001D86DE /* Vote.storyboard */ = {isa = PBXFileReference; lastKnownFileType = file.storyboard; path = Vote.storyboard; sourceTree = "<group>"; };
		01AB924922FC91CA001D86DE /* VoteViewController.swift */ = {isa = PBXFileReference; lastKnownFileType = sourcecode.swift; path = VoteViewController.swift; sourceTree = "<group>"; };
		01AB924B22FC9C6F001D86DE /* VoteController.swift */ = {isa = PBXFileReference; lastKnownFileType = sourcecode.swift; path = VoteController.swift; sourceTree = "<group>"; };
		01B1F74922F0B84100A128BA /* FBThought.swift */ = {isa = PBXFileReference; lastKnownFileType = sourcecode.swift; path = FBThought.swift; sourceTree = "<group>"; };
		01B1F74B22F0C00700A128BA /* FBDiscussionController.swift */ = {isa = PBXFileReference; lastKnownFileType = sourcecode.swift; path = FBDiscussionController.swift; sourceTree = "<group>"; };
		01C85E8F225BD72D007D1237 /* BenchTimer.swift */ = {isa = PBXFileReference; lastKnownFileType = sourcecode.swift; path = BenchTimer.swift; sourceTree = "<group>"; };
		01C85E91225CF1E5007D1237 /* Overlay.storyboard */ = {isa = PBXFileReference; lastKnownFileType = file.storyboard; path = Overlay.storyboard; sourceTree = "<group>"; };
		01C85E94225CF244007D1237 /* OverlayVC.swift */ = {isa = PBXFileReference; lastKnownFileType = sourcecode.swift; path = OverlayVC.swift; sourceTree = "<group>"; };
		01C85E96225D5EA1007D1237 /* MovieDB.storyboard */ = {isa = PBXFileReference; lastKnownFileType = file.storyboard; path = MovieDB.storyboard; sourceTree = "<group>"; };
		01C85E98225D5FB3007D1237 /* MovieDBViewController.swift */ = {isa = PBXFileReference; lastKnownFileType = sourcecode.swift; path = MovieDBViewController.swift; sourceTree = "<group>"; };
		01C85E9A225D7346007D1237 /* MovieOverlayView.swift */ = {isa = PBXFileReference; lastKnownFileType = sourcecode.swift; path = MovieOverlayView.swift; sourceTree = "<group>"; };
		01C85E9D225D7582007D1237 /* MovieOverlayView.xib */ = {isa = PBXFileReference; lastKnownFileType = file.xib; path = MovieOverlayView.xib; sourceTree = "<group>"; };
		01C85E9F225D8062007D1237 /* Moive.swift */ = {isa = PBXFileReference; lastKnownFileType = sourcecode.swift; path = Moive.swift; sourceTree = "<group>"; };
		01F7B21621962E7D00902239 /* Post.swift */ = {isa = PBXFileReference; lastKnownFileType = sourcecode.swift; path = Post.swift; sourceTree = "<group>"; };
		01F7B25E21964BA700902239 /* Comment.swift */ = {isa = PBXFileReference; lastKnownFileType = sourcecode.swift; path = Comment.swift; sourceTree = "<group>"; };
		01F7B26021964C6F00902239 /* CKComment.swift */ = {isa = PBXFileReference; lastKnownFileType = sourcecode.swift; path = CKComment.swift; sourceTree = "<group>"; };
		01F7B26221979E8C00902239 /* CommentListTableViewController.swift */ = {isa = PBXFileReference; lastKnownFileType = sourcecode.swift; path = CommentListTableViewController.swift; sourceTree = "<group>"; };
		6FC0056429D754735F826034 /* Pods-Sherpa.release.xcconfig */ = {isa = PBXFileReference; includeInIndex = 1; lastKnownFileType = text.xcconfig; name = "Pods-Sherpa.release.xcconfig"; path = "Pods/Target Support Files/Pods-Sherpa/Pods-Sherpa.release.xcconfig"; sourceTree = "<group>"; };
		9A5F4D00821B7ECDDDDC5D29 /* Pods_Sherpa.framework */ = {isa = PBXFileReference; explicitFileType = wrapper.framework; includeInIndex = 0; path = Pods_Sherpa.framework; sourceTree = BUILT_PRODUCTS_DIR; };
		A5F64B1996BDD224B4716B9C /* Pods_SherpaTests.framework */ = {isa = PBXFileReference; explicitFileType = wrapper.framework; includeInIndex = 0; path = Pods_SherpaTests.framework; sourceTree = BUILT_PRODUCTS_DIR; };
		B18570AF5FF943FDA16BFE03 /* Pods-Sherpa.debug.xcconfig */ = {isa = PBXFileReference; includeInIndex = 1; lastKnownFileType = text.xcconfig; name = "Pods-Sherpa.debug.xcconfig"; path = "Pods/Target Support Files/Pods-Sherpa/Pods-Sherpa.debug.xcconfig"; sourceTree = "<group>"; };
/* End PBXFileReference section */

/* Begin PBXFrameworksBuildPhase section */
		012087032184D3CE007B7C43 /* Frameworks */ = {
			isa = PBXFrameworksBuildPhase;
			buildActionMask = 2147483647;
			files = (
				0179790521877C91004BA6C7 /* CloudKit.framework in Frameworks */,
				3B8B14443CEA4C653A8DF8B2 /* Pods_Sherpa.framework in Frameworks */,
			);
			runOnlyForDeploymentPostprocessing = 0;
		};
		012087172184D3CF007B7C43 /* Frameworks */ = {
			isa = PBXFrameworksBuildPhase;
			buildActionMask = 2147483647;
			files = (
			);
			runOnlyForDeploymentPostprocessing = 0;
		};
/* End PBXFrameworksBuildPhase section */

/* Begin PBXGroup section */
		01035FF721C6E88D0023BD60 /* Protocols */ = {
			isa = PBXGroup;
			children = (
				01035FF821C6E8A50023BD60 /* Protocols.swift */,
			);
			path = Protocols;
			sourceTree = "<group>";
		};
		0107E1B122C079FF006B8555 /* Disscussion */ = {
			isa = PBXGroup;
			children = (
				0107E1B322C07A5A006B8555 /* Thought.swift */,
				0107E1B522C11D71006B8555 /* CKThought.swift */,
				01B1F74922F0B84100A128BA /* FBThought.swift */,
			);
			path = Disscussion;
			sourceTree = "<group>";
		};
		0107E1B222C07A13006B8555 /* DataBase */ = {
			isa = PBXGroup;
			children = (
				01F7B21621962E7D00902239 /* Post.swift */,
				0120878E2185303F007B7C43 /* CKPost.swift */,
				0108764521880CB300FAC3BE /* FBPost.swift */,
				01F7B25E21964BA700902239 /* Comment.swift */,
				01F7B26021964C6F00902239 /* CKComment.swift */,
				018E18DC22BBF07400955731 /* FBComment.swift */,
				0107E1B122C079FF006B8555 /* Disscussion */,
			);
			path = DataBase;
			sourceTree = "<group>";
		};
		012086FD2184D3CE007B7C43 = {
			isa = PBXGroup;
			children = (
				012087082184D3CE007B7C43 /* Sherpa */,
				0120871D2184D3CF007B7C43 /* SherpaTests */,
				012087072184D3CE007B7C43 /* Products */,
				0179790321877C91004BA6C7 /* Frameworks */,
				7F22F48A3A4E30DE6172E341 /* Pods */,
			);
			sourceTree = "<group>";
		};
		012087072184D3CE007B7C43 /* Products */ = {
			isa = PBXGroup;
			children = (
				012087062184D3CE007B7C43 /* Sherpa.app */,
				0120871A2184D3CF007B7C43 /* SherpaTests.xctest */,
			);
			name = Products;
			sourceTree = "<group>";
		};
		012087082184D3CE007B7C43 /* Sherpa */ = {
			isa = PBXGroup;
			children = (
				0179790221877C8D004BA6C7 /* Sherpa.entitlements */,
				012087292184D5DE007B7C43 /* UI */,
				0120873F2184E34B007B7C43 /* View */,
				0120872D2184D827007B7C43 /* ViewControllers */,
				01208790218536C2007B7C43 /* ModelController */,
				012087932185370E007B7C43 /* Manager */,
				0120878D21853029007B7C43 /* Model */,
				012087422184E4DF007B7C43 /* Helper */,
				017978EF21874C36004BA6C7 /* Subclass */,
				012087862184F570007B7C43 /* Extentions */,
				0120872A2184D5E5007B7C43 /* Resources */,
			);
			path = Sherpa;
			sourceTree = "<group>";
		};
		0120871D2184D3CF007B7C43 /* SherpaTests */ = {
			isa = PBXGroup;
			children = (
				0120871E2184D3CF007B7C43 /* SherpaTests.swift */,
				012087202184D3CF007B7C43 /* Info.plist */,
				017BD909221769E2002669EE /* CKPostTest.swift */,
			);
			path = SherpaTests;
			sourceTree = "<group>";
		};
		012087292184D5DE007B7C43 /* UI */ = {
			isa = PBXGroup;
			children = (
				01A41BCB22F9056800F37E02 /* Onboard.storyboard */,
				012087122184D3CF007B7C43 /* LaunchScreen.storyboard */,
				0120873B2184DD93007B7C43 /* TabBar */,
				0120870D2184D3CE007B7C43 /* Main.storyboard */,
				012087302184D977007B7C43 /* DataBaseActionTab.storyboard */,
				015FE3C2219CDECF0038EA7F /* Discussion.storyboard */,
				0107E1B922C19675006B8555 /* ShareThought.storyboard */,
				017978EB218745ED004BA6C7 /* Uploading.storyboard */,
				01797908218784B0004BA6C7 /* Feed.storyboard */,
				0108765121881CDB00FAC3BE /* FBPost.storyboard */,
				0108765321882F4F00FAC3BE /* Reddit.storyboard */,
				01C85E91225CF1E5007D1237 /* Overlay.storyboard */,
				01C85E96225D5EA1007D1237 /* MovieDB.storyboard */,
				01904BC922B3063600EBBB89 /* ReportAbuse.storyboard */,
				01AB924722FC89F7001D86DE /* Vote.storyboard */,
			);
			path = UI;
			sourceTree = "<group>";
		};
		0120872A2184D5E5007B7C43 /* Resources */ = {
			isa = PBXGroup;
			children = (
				012087472184F164007B7C43 /* SF Pro */,
				012087092184D3CE007B7C43 /* AppDelegate.swift */,
				012087152184D3CF007B7C43 /* Info.plist */,
				017979132187CCE1004BA6C7 /* GoogleService-Info.plist */,
				012521B521E8784100BCD32F /* Assets.xcassets */,
			);
			path = Resources;
			sourceTree = "<group>";
		};
		0120872D2184D827007B7C43 /* ViewControllers */ = {
			isa = PBXGroup;
			children = (
				01A41BBF22F9025900F37E02 /* Onboarding */,
				0120873A2184DB6D007B7C43 /* TabBar */,
				012521BC21E93F3E00BCD32F /* Login */,
				0120872E2184D83D007B7C43 /* HomeViewController.swift */,
				012087342184DA36007B7C43 /* DataBaseActionTableViewController.swift */,
				015FE3C4219CDF5A0038EA7F /* DiscussionTableViewController.swift */,
				019FEAB822C0762200419590 /* ShareThoughtViewController.swift */,
				017978ED21874952004BA6C7 /* UploadingViewController.swift */,
				0179790A21878595004BA6C7 /* FeedTableViewController.swift */,
				019EB3DC21A1114600BD9FC2 /* AuthorTableViewController.swift */,
				01F7B26221979E8C00902239 /* CommentListTableViewController.swift */,
				0108764F21881C1600FAC3BE /* FBPostTableViewController.swift */,
				0108765521882F6800FAC3BE /* RedditTableViewController.swift */,
				01C85E98225D5FB3007D1237 /* MovieDBViewController.swift */,
				01904BCD22B3FD7200EBBB89 /* Report */,
				01C85E93225CF227007D1237 /* Other */,
				0140A5E122B024F800228F52 /* MovieDBWebVC.swift */,
				01AB924922FC91CA001D86DE /* VoteViewController.swift */,
			);
			path = ViewControllers;
			sourceTree = "<group>";
		};
		0120873A2184DB6D007B7C43 /* TabBar */ = {
			isa = PBXGroup;
			children = (
				012087382184DB56007B7C43 /* MainTabBarViewController.swift */,
			);
			path = TabBar;
			sourceTree = "<group>";
		};
		0120873B2184DD93007B7C43 /* TabBar */ = {
			isa = PBXGroup;
			children = (
				0120872B2184D68F007B7C43 /* MainTabBar.storyboard */,
			);
			path = TabBar;
			sourceTree = "<group>";
		};
		0120873F2184E34B007B7C43 /* View */ = {
			isa = PBXGroup;
			children = (
				01C85E9C225D7356007D1237 /* NibView */,
				012087402184E362007B7C43 /* HomeCollectionViewCell.swift */,
				012087842184F353007B7C43 /* SectionHeaderCollectionReusableView.swift */,
				012087892185035C007B7C43 /* ActionTableViewCell.swift */,
				0179790C21878661004BA6C7 /* FeedTableViewCell.swift */,
				011B109D22B5E1810092BADE /* FBFeedTableViewCell.swift */,
				0108765D2188A63A00FAC3BE /* RedditTableViewCell.swift */,
				019FEAB322C0578E00419590 /* ThoughtCells */,
				019EB3E021A1325A00BD9FC2 /* AuthorTableViewCell.swift */,
			);
			path = View;
			sourceTree = "<group>";
		};
		012087422184E4DF007B7C43 /* Helper */ = {
			isa = PBXGroup;
			children = (
				01A41BC422F9034500F37E02 /* Infastructure */,
				01A41BBA22F9019D00F37E02 /* Animatior */,
				01035FF721C6E88D0023BD60 /* Protocols */,
				017979102187AA77004BA6C7 /* PublicProtocols  */,
				012087432184E4F5007B7C43 /* Constants.swift */,
				012087452184E814007B7C43 /* HomeSections.swift */,
				0120878B21851D0A007B7C43 /* CustomFont.swift */,
				0179790621877E6F004BA6C7 /* PublicAccess.swift */,
				010876492188138900FAC3BE /* NetworkError.swift */,
				01141AC122BB046E00B4C4BF /* DateHelper.swift */,
			);
			path = Helper;
			sourceTree = "<group>";
		};
		012087472184F164007B7C43 /* SF Pro */ = {
			isa = PBXGroup;
			children = (
				012087482184F164007B7C43 /* SF-Pro-Display-Thin.otf */,
				012087492184F164007B7C43 /* SF-Pro-Display-SemiboldItalic.otf */,
				0120874A2184F164007B7C43 /* SF-Pro-Text-Heavy.otf */,
				0120874B2184F164007B7C43 /* SF-Pro-Display-RegularItalic.otf */,
				0120874C2184F164007B7C43 /* SF-Pro-Display-Light.otf */,
				0120874D2184F164007B7C43 /* SF-Pro-Display-Regular.otf */,
				0120874E2184F164007B7C43 /* SF-Pro-Text-MediumItalic.otf */,
				0120874F2184F164007B7C43 /* SF-Pro-Display-Bold.otf */,
				012087502184F164007B7C43 /* SF-Pro-Display-Medium.otf */,
				012087512184F164007B7C43 /* SF-Pro-Display-Heavy.otf */,
				012087522184F164007B7C43 /* SF-Pro-Text-Light.otf */,
				012087532184F164007B7C43 /* SF-Pro-Display-Semibold.otf */,
				012087542184F164007B7C43 /* SF-Pro-Text-Regular.otf */,
				012087552184F164007B7C43 /* SF-Pro-Text-Bold.otf */,
				012087562184F164007B7C43 /* SF-Pro-Display-MediumItalic.otf */,
				012087572184F164007B7C43 /* SF-Pro-Display-HeavyItalic.otf */,
				012087582184F164007B7C43 /* SF-Pro-Display-Ultralight.otf */,
				012087592184F164007B7C43 /* SF-Pro-Display-UltralightItalic.otf */,
				0120875A2184F164007B7C43 /* SF-Pro-Display-LightItalic.otf */,
				0120875B2184F164007B7C43 /* SF-Pro-Display-BlackItalic.otf */,
				0120875C2184F164007B7C43 /* SF-Pro-Display-Black.otf */,
				0120875D2184F164007B7C43 /* SF-Pro-Text-BoldItalic.otf */,
				0120875E2184F164007B7C43 /* SF-Pro-Text-RegularItalic.otf */,
				0120875F2184F164007B7C43 /* SF-Pro-Text-Semibold.otf */,
				012087602184F164007B7C43 /* SF-Pro-Text-HeavyItalic.otf */,
				012087612184F164007B7C43 /* SF-Pro-Display-ThinItalic.otf */,
				012087622184F164007B7C43 /* SF-Pro-Text-LightItalic.otf */,
				012087632184F164007B7C43 /* SF-Pro-Text-Medium.otf */,
				012087642184F164007B7C43 /* SF-Pro-Display-BoldItalic.otf */,
				012087652184F164007B7C43 /* SF-Pro-Text-SemiboldItalic.otf */,
			);
			path = "SF Pro";
			sourceTree = "<group>";
		};
		012087862184F570007B7C43 /* Extentions */ = {
			isa = PBXGroup;
			children = (
				012087872184F59B007B7C43 /* ColorTheme.swift */,
				01208796218538B4007B7C43 /* Extentions.swift */,
				0135D6732204E79900C301A2 /* TimeIntervalExtention.swift */,
				0135D6752206384C00C301A2 /* IntExtention.swift */,
				017BD90D22177ADB002669EE /* ArrayExtention.swift */,
			);
			path = Extentions;
			sourceTree = "<group>";
		};
		0120878D21853029007B7C43 /* Model */ = {
			isa = PBXGroup;
			children = (
				0107E1B222C07A13006B8555 /* DataBase */,
				01474E0F2188E38F003B29A0 /* RdPost.swift */,
				01035FF521C6C4580023BD60 /* Author.swift */,
				012D059E22124C1E00741413 /* MyTimer.swift */,
				01C85E9F225D8062007D1237 /* Moive.swift */,
				01904BD622B479E200EBBB89 /* Report */,
			);
			path = Model;
			sourceTree = "<group>";
		};
		01208790218536C2007B7C43 /* ModelController */ = {
			isa = PBXGroup;
			children = (
				01208791218536E3007B7C43 /* CloudKitPostController.swift */,
				01087647218812B000FAC3BE /* FireBasePostController.swift */,
				018E18DA22BBEFE100955731 /* FBCommentController.swift */,
				0108765B2188337B00FAC3BE /* RedditPostController.swift */,
				015FE3C0219C99C70038EA7F /* AuthorController.swift */,
				017E34592266BB9800B493E1 /* MovieController.swift */,
				011B109F22B5E88E0092BADE /* FBReportController.swift */,
				011B10A122B7FCA30092BADE /* CKReportController.swift */,
				0107E1B722C12E4E006B8555 /* CKDisicussionController.swift */,
				01B1F74B22F0C00700A128BA /* FBDiscussionController.swift */,
				01AB924B22FC9C6F001D86DE /* VoteController.swift */,
			);
			path = ModelController;
			sourceTree = "<group>";
		};
		012087932185370E007B7C43 /* Manager */ = {
			isa = PBXGroup;
			children = (
				0140A5C422AAB3B500228F52 /* Networking */,
				017978F221875BCA004BA6C7 /* CameraManager.swift */,
				0108764B2188178E00FAC3BE /* NetworkManager.swift */,
				0108765F2188BBA800FAC3BE /* StorageManager.swift */,
				014C8D412203F96C00B4A1E6 /* RepeatingTimer.swift */,
				01C85E8F225BD72D007D1237 /* BenchTimer.swift */,
				017BD90B22177A43002669EE /* ThreadSafe.swift */,
			);
			path = Manager;
			sourceTree = "<group>";
		};
		012521BC21E93F3E00BCD32F /* Login */ = {
			isa = PBXGroup;
			children = (
				012521BD21E93F5800BCD32F /* LoginViewController.swift */,
			);
			path = Login;
			sourceTree = "<group>";
		};
		0140A5C422AAB3B500228F52 /* Networking */ = {
			isa = PBXGroup;
			children = (
				0140A5D722AACB8E00228F52 /* EndPoint */,
				0140A5C622AAB43300228F52 /* Service */,
				0140A5C522AAB3C900228F52 /* Encoding */,
			);
			path = Networking;
			sourceTree = "<group>";
		};
		0140A5C522AAB3C900228F52 /* Encoding */ = {
			isa = PBXGroup;
			children = (
				0140A5CF22AAB8B800228F52 /* PrameterEncoding.swift */,
				0140A5D122AAB8DF00228F52 /* URLParameterEncoder.swift */,
				0140A5D322AABC7B00228F52 /* JSONParameterEncoder.swift */,
			);
			path = Encoding;
			sourceTree = "<group>";
		};
		0140A5C622AAB43300228F52 /* Service */ = {
			isa = PBXGroup;
			children = (
				0140A5C722AAB44B00228F52 /* ServiceProtocol.swift */,
				0140A5C922AAB4A700228F52 /* HTTPMethod.swift */,
				0140A5CB22AAB4F600228F52 /* HTTPTask.swift */,
				0140A5CD22AAB5A600228F52 /* Router.swift */,
				0140A5D522AACA2C00228F52 /* NetworkLogger.swift */,
			);
			path = Service;
			sourceTree = "<group>";
		};
		0140A5D722AACB8E00228F52 /* EndPoint */ = {
			isa = PBXGroup;
			children = (
				0140A5D922AACBB500228F52 /* MovieEndPoint.swift */,
			);
			path = EndPoint;
			sourceTree = "<group>";
		};
		017978EF21874C36004BA6C7 /* Subclass */ = {
			isa = PBXGroup;
			children = (
				017978F021874C66004BA6C7 /* SherpaTextField.swift */,
				019EB3E221A135D800BD9FC2 /* CardView.swift */,
				012521BA21E93E8100BCD32F /* CustomButton.swift */,
			);
			path = Subclass;
			sourceTree = "<group>";
		};
		0179790321877C91004BA6C7 /* Frameworks */ = {
			isa = PBXGroup;
			children = (
				0179790421877C91004BA6C7 /* CloudKit.framework */,
				9A5F4D00821B7ECDDDDC5D29 /* Pods_Sherpa.framework */,
				A5F64B1996BDD224B4716B9C /* Pods_SherpaTests.framework */,
			);
			name = Frameworks;
			sourceTree = "<group>";
		};
		017979102187AA77004BA6C7 /* PublicProtocols  */ = {
			isa = PBXGroup;
			children = (
				017979112187AA9B004BA6C7 /* PublicProtocols.swift */,
			);
			path = "PublicProtocols ";
			sourceTree = "<group>";
		};
		01904BCD22B3FD7200EBBB89 /* Report */ = {
			isa = PBXGroup;
			children = (
				01904BCE22B3FD9300EBBB89 /* ReportTableViewController.swift */,
				01904BD022B4146400EBBB89 /* ReportDetailViewController.swift */,
				01904BD422B46ECF00EBBB89 /* SubmitReportVC.swift */,
			);
			path = Report;
			sourceTree = "<group>";
		};
		01904BD622B479E200EBBB89 /* Report */ = {
			isa = PBXGroup;
			children = (
				01904BCB22B3089500EBBB89 /* Report.swift */,
				01904BD722B47A0000EBBB89 /* CKReport.swift */,
				01904BD922B47A4700EBBB89 /* FbReport.swift */,
			);
			path = Report;
			sourceTree = "<group>";
		};
		019FEAB322C0578E00419590 /* ThoughtCells */ = {
			isa = PBXGroup;
			children = (
				018E18E022BDE34700955731 /* LatestNewsTableViewCell.swift */,
				019FEAB422C057E900419590 /* AddThoughtTableViewCell.swift */,
				019FEAB622C0591800419590 /* ThoughtTableViewCell.swift */,
			);
			path = ThoughtCells;
			sourceTree = "<group>";
		};
		01A41BBA22F9019D00F37E02 /* Animatior */ = {
			isa = PBXGroup;
			children = (
				01A41BBB22F901BD00F37E02 /* AnimationStep.swift */,
				01A41BBD22F901E500F37E02 /* AnimationSequence.swift */,
			);
			path = Animatior;
			sourceTree = "<group>";
		};
		01A41BBF22F9025900F37E02 /* Onboarding */ = {
			isa = PBXGroup;
			children = (
				01A41BC222F9030800F37E02 /* OnboardingPageVC.swift */,
				01A41BC022F902B800F37E02 /* FirstOnboardVC.swift */,
				01A41BC722F9046A00F37E02 /* ScondOnboardVC.swift */,
				01A41BC922F9049500F37E02 /* ThridOnboardVC.swift */,
			);
			path = Onboarding;
			sourceTree = "<group>";
		};
		01A41BC422F9034500F37E02 /* Infastructure */ = {
			isa = PBXGroup;
			children = (
				01A41BC522F9035900F37E02 /* AppStoryboard.swift */,
			);
			path = Infastructure;
			sourceTree = "<group>";
		};
		01C85E93225CF227007D1237 /* Other */ = {
			isa = PBXGroup;
			children = (
				01C85E94225CF244007D1237 /* OverlayVC.swift */,
				0140A5E322B18DB700228F52 /* ShiftableViewController.swift */,
			);
			path = Other;
			sourceTree = "<group>";
		};
		01C85E9C225D7356007D1237 /* NibView */ = {
			isa = PBXGroup;
			children = (
				01C85E9A225D7346007D1237 /* MovieOverlayView.swift */,
				01C85E9D225D7582007D1237 /* MovieOverlayView.xib */,
			);
			path = NibView;
			sourceTree = "<group>";
		};
		7F22F48A3A4E30DE6172E341 /* Pods */ = {
			isa = PBXGroup;
			children = (
				B18570AF5FF943FDA16BFE03 /* Pods-Sherpa.debug.xcconfig */,
				6FC0056429D754735F826034 /* Pods-Sherpa.release.xcconfig */,
			);
			name = Pods;
			sourceTree = "<group>";
		};
/* End PBXGroup section */

/* Begin PBXNativeTarget section */
		012087052184D3CE007B7C43 /* Sherpa */ = {
			isa = PBXNativeTarget;
			buildConfigurationList = 012087232184D3CF007B7C43 /* Build configuration list for PBXNativeTarget "Sherpa" */;
			buildPhases = (
				6B642983B2A7B1C21E8A04C5 /* [CP] Check Pods Manifest.lock */,
				012087022184D3CE007B7C43 /* Sources */,
				012087032184D3CE007B7C43 /* Frameworks */,
				012087042184D3CE007B7C43 /* Resources */,
				6AD8D9EC87629450AFD83E49 /* [CP] Embed Pods Frameworks */,
			);
			buildRules = (
			);
			dependencies = (
			);
			name = Sherpa;
			productName = Sherpa;
			productReference = 012087062184D3CE007B7C43 /* Sherpa.app */;
			productType = "com.apple.product-type.application";
		};
		012087192184D3CF007B7C43 /* SherpaTests */ = {
			isa = PBXNativeTarget;
			buildConfigurationList = 012087262184D3CF007B7C43 /* Build configuration list for PBXNativeTarget "SherpaTests" */;
			buildPhases = (
				012087162184D3CF007B7C43 /* Sources */,
				012087172184D3CF007B7C43 /* Frameworks */,
				012087182184D3CF007B7C43 /* Resources */,
			);
			buildRules = (
			);
			dependencies = (
				0120871C2184D3CF007B7C43 /* PBXTargetDependency */,
			);
			name = SherpaTests;
			productName = SherpaTests;
			productReference = 0120871A2184D3CF007B7C43 /* SherpaTests.xctest */;
			productType = "com.apple.product-type.bundle.unit-test";
		};
/* End PBXNativeTarget section */

/* Begin PBXProject section */
		012086FE2184D3CE007B7C43 /* Project object */ = {
			isa = PBXProject;
			attributes = {
				LastSwiftUpdateCheck = 1000;
				LastUpgradeCheck = 1000;
				ORGANIZATIONNAME = "Nick Reichard";
				TargetAttributes = {
					012087052184D3CE007B7C43 = {
						CreatedOnToolsVersion = 10.0;
						SystemCapabilities = {
							com.apple.Push = {
								enabled = 1;
							};
							com.apple.iCloud = {
								enabled = 1;
							};
						};
					};
					012087192184D3CF007B7C43 = {
						CreatedOnToolsVersion = 10.0;
						TestTargetID = 012087052184D3CE007B7C43;
					};
				};
			};
			buildConfigurationList = 012087012184D3CE007B7C43 /* Build configuration list for PBXProject "Sherpa" */;
			compatibilityVersion = "Xcode 9.3";
			developmentRegion = en;
			hasScannedForEncodings = 0;
			knownRegions = (
				en,
				Base,
			);
			mainGroup = 012086FD2184D3CE007B7C43;
			productRefGroup = 012087072184D3CE007B7C43 /* Products */;
			projectDirPath = "";
			projectRoot = "";
			targets = (
				012087052184D3CE007B7C43 /* Sherpa */,
				012087192184D3CF007B7C43 /* SherpaTests */,
			);
		};
/* End PBXProject section */

/* Begin PBXResourcesBuildPhase section */
		012087042184D3CE007B7C43 /* Resources */ = {
			isa = PBXResourcesBuildPhase;
			buildActionMask = 2147483647;
			files = (
				012087662184F164007B7C43 /* SF-Pro-Display-Thin.otf in Resources */,
				012087802184F164007B7C43 /* SF-Pro-Text-LightItalic.otf in Resources */,
				01904BCA22B3063600EBBB89 /* ReportAbuse.storyboard in Resources */,
				0120877C2184F164007B7C43 /* SF-Pro-Text-RegularItalic.otf in Resources */,
				012087762184F164007B7C43 /* SF-Pro-Display-Ultralight.otf in Resources */,
				0108765421882F4F00FAC3BE /* Reddit.storyboard in Resources */,
				0120877A2184F164007B7C43 /* SF-Pro-Display-Black.otf in Resources */,
				0120877F2184F164007B7C43 /* SF-Pro-Display-ThinItalic.otf in Resources */,
				01A41BCC22F9056800F37E02 /* Onboard.storyboard in Resources */,
				0120877E2184F164007B7C43 /* SF-Pro-Text-HeavyItalic.otf in Resources */,
				01797909218784B0004BA6C7 /* Feed.storyboard in Resources */,
				012087702184F164007B7C43 /* SF-Pro-Text-Light.otf in Resources */,
				01C85E97225D5EA1007D1237 /* MovieDB.storyboard in Resources */,
				0120876C2184F164007B7C43 /* SF-Pro-Text-MediumItalic.otf in Resources */,
				012087142184D3CF007B7C43 /* LaunchScreen.storyboard in Resources */,
				012087742184F164007B7C43 /* SF-Pro-Display-MediumItalic.otf in Resources */,
				0120876F2184F164007B7C43 /* SF-Pro-Display-Heavy.otf in Resources */,
				012087782184F164007B7C43 /* SF-Pro-Display-LightItalic.otf in Resources */,
				0120872C2184D68F007B7C43 /* MainTabBar.storyboard in Resources */,
				012087732184F164007B7C43 /* SF-Pro-Text-Bold.otf in Resources */,
				01AB924822FC89F7001D86DE /* Vote.storyboard in Resources */,
				0120877D2184F164007B7C43 /* SF-Pro-Text-Semibold.otf in Resources */,
				017979142187CCE1004BA6C7 /* GoogleService-Info.plist in Resources */,
				012087712184F164007B7C43 /* SF-Pro-Display-Semibold.otf in Resources */,
				012087722184F164007B7C43 /* SF-Pro-Text-Regular.otf in Resources */,
				0120876D2184F164007B7C43 /* SF-Pro-Display-Bold.otf in Resources */,
				012087792184F164007B7C43 /* SF-Pro-Display-BlackItalic.otf in Resources */,
				012087312184D977007B7C43 /* DataBaseActionTab.storyboard in Resources */,
				012087682184F164007B7C43 /* SF-Pro-Text-Heavy.otf in Resources */,
				012521B621E8784100BCD32F /* Assets.xcassets in Resources */,
				012087812184F164007B7C43 /* SF-Pro-Text-Medium.otf in Resources */,
				012087672184F164007B7C43 /* SF-Pro-Display-SemiboldItalic.otf in Resources */,
				012087772184F164007B7C43 /* SF-Pro-Display-UltralightItalic.otf in Resources */,
				012087752184F164007B7C43 /* SF-Pro-Display-HeavyItalic.otf in Resources */,
				01C85E9E225D7582007D1237 /* MovieOverlayView.xib in Resources */,
				0120876E2184F164007B7C43 /* SF-Pro-Display-Medium.otf in Resources */,
				012087832184F164007B7C43 /* SF-Pro-Text-SemiboldItalic.otf in Resources */,
				0120877B2184F164007B7C43 /* SF-Pro-Text-BoldItalic.otf in Resources */,
				0108765221881CDB00FAC3BE /* FBPost.storyboard in Resources */,
				015FE3C3219CDECF0038EA7F /* Discussion.storyboard in Resources */,
				0120876A2184F164007B7C43 /* SF-Pro-Display-Light.otf in Resources */,
				017978EC218745ED004BA6C7 /* Uploading.storyboard in Resources */,
				012087822184F164007B7C43 /* SF-Pro-Display-BoldItalic.otf in Resources */,
				012087692184F164007B7C43 /* SF-Pro-Display-RegularItalic.otf in Resources */,
				0107E1BA22C19675006B8555 /* ShareThought.storyboard in Resources */,
				0120876B2184F164007B7C43 /* SF-Pro-Display-Regular.otf in Resources */,
				01C85E92225CF1E5007D1237 /* Overlay.storyboard in Resources */,
				0120870F2184D3CE007B7C43 /* Main.storyboard in Resources */,
			);
			runOnlyForDeploymentPostprocessing = 0;
		};
		012087182184D3CF007B7C43 /* Resources */ = {
			isa = PBXResourcesBuildPhase;
			buildActionMask = 2147483647;
			files = (
			);
			runOnlyForDeploymentPostprocessing = 0;
		};
/* End PBXResourcesBuildPhase section */

/* Begin PBXShellScriptBuildPhase section */
		6AD8D9EC87629450AFD83E49 /* [CP] Embed Pods Frameworks */ = {
			isa = PBXShellScriptBuildPhase;
			buildActionMask = 2147483647;
			files = (
			);
			inputFileListPaths = (
				"${PODS_ROOT}/Target Support Files/Pods-Sherpa/Pods-Sherpa-frameworks-${CONFIGURATION}-input-files.xcfilelist",
			);
			name = "[CP] Embed Pods Frameworks";
			outputFileListPaths = (
				"${PODS_ROOT}/Target Support Files/Pods-Sherpa/Pods-Sherpa-frameworks-${CONFIGURATION}-output-files.xcfilelist",
			);
			runOnlyForDeploymentPostprocessing = 0;
			shellPath = /bin/sh;
			shellScript = "\"${PODS_ROOT}/Target Support Files/Pods-Sherpa/Pods-Sherpa-frameworks.sh\"\n";
			showEnvVarsInLog = 0;
		};
		6B642983B2A7B1C21E8A04C5 /* [CP] Check Pods Manifest.lock */ = {
			isa = PBXShellScriptBuildPhase;
			buildActionMask = 2147483647;
			files = (
			);
			inputPaths = (
				"${PODS_PODFILE_DIR_PATH}/Podfile.lock",
				"${PODS_ROOT}/Manifest.lock",
			);
			name = "[CP] Check Pods Manifest.lock";
			outputPaths = (
				"$(DERIVED_FILE_DIR)/Pods-Sherpa-checkManifestLockResult.txt",
			);
			runOnlyForDeploymentPostprocessing = 0;
			shellPath = /bin/sh;
			shellScript = "diff \"${PODS_PODFILE_DIR_PATH}/Podfile.lock\" \"${PODS_ROOT}/Manifest.lock\" > /dev/null\nif [ $? != 0 ] ; then\n    # print error to STDERR\n    echo \"error: The sandbox is not in sync with the Podfile.lock. Run 'pod install' or update your CocoaPods installation.\" >&2\n    exit 1\nfi\n# This output is used by Xcode 'outputs' to avoid re-running this script phase.\necho \"SUCCESS\" > \"${SCRIPT_OUTPUT_FILE_0}\"\n";
			showEnvVarsInLog = 0;
		};
/* End PBXShellScriptBuildPhase section */

/* Begin PBXSourcesBuildPhase section */
		012087022184D3CE007B7C43 /* Sources */ = {
			isa = PBXSourcesBuildPhase;
			buildActionMask = 2147483647;
			files = (
				0108765C2188337B00FAC3BE /* RedditPostController.swift in Sources */,
				01F7B26321979E8C00902239 /* CommentListTableViewController.swift in Sources */,
				0140A5E222B024F900228F52 /* MovieDBWebVC.swift in Sources */,
				017978EE21874952004BA6C7 /* UploadingViewController.swift in Sources */,
				01A41BC622F9035900F37E02 /* AppStoryboard.swift in Sources */,
				01C85EA0225D8062007D1237 /* Moive.swift in Sources */,
				01904BD522B46ECF00EBBB89 /* SubmitReportVC.swift in Sources */,
				019FEAB922C0762200419590 /* ShareThoughtViewController.swift in Sources */,
				012087392184DB56007B7C43 /* MainTabBarViewController.swift in Sources */,
				0140A5D622AACA2C00228F52 /* NetworkLogger.swift in Sources */,
				01B1F74C22F0C00700A128BA /* FBDiscussionController.swift in Sources */,
				014C8D422203F96C00B4A1E6 /* RepeatingTimer.swift in Sources */,
				01B1F74A22F0B84100A128BA /* FBThought.swift in Sources */,
				0179790721877E6F004BA6C7 /* PublicAccess.swift in Sources */,
				019EB3E321A135D800BD9FC2 /* CardView.swift in Sources */,
				01904BCF22B3FD9300EBBB89 /* ReportTableViewController.swift in Sources */,
				01C85E90225BD72E007D1237 /* BenchTimer.swift in Sources */,
				01035FF621C6C4580023BD60 /* Author.swift in Sources */,
				012087882184F59B007B7C43 /* ColorTheme.swift in Sources */,
				01208797218538B4007B7C43 /* Extentions.swift in Sources */,
				01A41BCA22F9049500F37E02 /* ThridOnboardVC.swift in Sources */,
				017E345A2266BB9800B493E1 /* MovieController.swift in Sources */,
				01904BD122B4146400EBBB89 /* ReportDetailViewController.swift in Sources */,
				0140A5C822AAB44B00228F52 /* ServiceProtocol.swift in Sources */,
				01035FF921C6E8A50023BD60 /* Protocols.swift in Sources */,
				015FE3C1219C99C70038EA7F /* AuthorController.swift in Sources */,
				0140A5D422AABC7B00228F52 /* JSONParameterEncoder.swift in Sources */,
				0140A5E422B18DB700228F52 /* ShiftableViewController.swift in Sources */,
				017BD90C22177A43002669EE /* ThreadSafe.swift in Sources */,
				012087462184E814007B7C43 /* HomeSections.swift in Sources */,
				011B10A222B7FCA30092BADE /* CKReportController.swift in Sources */,
				0120878F2185303F007B7C43 /* CKPost.swift in Sources */,
				01C85E9B225D7346007D1237 /* MovieOverlayView.swift in Sources */,
				01A41BC822F9046A00F37E02 /* ScondOnboardVC.swift in Sources */,
				012087852184F353007B7C43 /* SectionHeaderCollectionReusableView.swift in Sources */,
				0107E1B622C11D71006B8555 /* CKThought.swift in Sources */,
				019EB3DD21A1114600BD9FC2 /* AuthorTableViewController.swift in Sources */,
				01A41BC122F902B800F37E02 /* FirstOnboardVC.swift in Sources */,
				0140A5D022AAB8B800228F52 /* PrameterEncoding.swift in Sources */,
				01F7B26121964C6F00902239 /* CKComment.swift in Sources */,
				0140A5CA22AAB4A700228F52 /* HTTPMethod.swift in Sources */,
				01C85E99225D5FB3007D1237 /* MovieDBViewController.swift in Sources */,
				0140A5CE22AAB5A600228F52 /* Router.swift in Sources */,
				0120870A2184D3CE007B7C43 /* AppDelegate.swift in Sources */,
				018E18E122BDE34700955731 /* LatestNewsTableViewCell.swift in Sources */,
				0108764A2188138900FAC3BE /* NetworkError.swift in Sources */,
				01F7B21721962E7D00902239 /* Post.swift in Sources */,
				0179790D21878661004BA6C7 /* FeedTableViewCell.swift in Sources */,
				01AB924A22FC91CA001D86DE /* VoteViewController.swift in Sources */,
				0179790B21878595004BA6C7 /* FeedTableViewController.swift in Sources */,
				01904BDA22B47A4700EBBB89 /* FbReport.swift in Sources */,
				01087648218812B000FAC3BE /* FireBasePostController.swift in Sources */,
				0140A5DA22AACBB500228F52 /* MovieEndPoint.swift in Sources */,
				01C85E95225CF244007D1237 /* OverlayVC.swift in Sources */,
				0120872F2184D83D007B7C43 /* HomeViewController.swift in Sources */,
				012087442184E4F5007B7C43 /* Constants.swift in Sources */,
				01A41BBE22F901E500F37E02 /* AnimationSequence.swift in Sources */,
				012087352184DA36007B7C43 /* DataBaseActionTableViewController.swift in Sources */,
				018E18DB22BBEFE100955731 /* FBCommentController.swift in Sources */,
				0135D6742204E79900C301A2 /* TimeIntervalExtention.swift in Sources */,
				0140A5CC22AAB4F600228F52 /* HTTPTask.swift in Sources */,
				019FEAB522C057E900419590 /* AddThoughtTableViewCell.swift in Sources */,
				017BD90E22177ADB002669EE /* ArrayExtention.swift in Sources */,
				0120878C21851D0A007B7C43 /* CustomFont.swift in Sources */,
				01474E102188E38F003B29A0 /* RdPost.swift in Sources */,
				012521BB21E93E8100BCD32F /* CustomButton.swift in Sources */,
				0108765621882F6800FAC3BE /* RedditTableViewController.swift in Sources */,
				012D059F22124C1E00741413 /* MyTimer.swift in Sources */,
				017978F121874C66004BA6C7 /* SherpaTextField.swift in Sources */,
				0107E1B822C12E4E006B8555 /* CKDisicussionController.swift in Sources */,
				011B109E22B5E1810092BADE /* FBFeedTableViewCell.swift in Sources */,
				018E18DD22BBF07400955731 /* FBComment.swift in Sources */,
				01904BCC22B3089500EBBB89 /* Report.swift in Sources */,
				0108764C2188178E00FAC3BE /* NetworkManager.swift in Sources */,
				010876602188BBA800FAC3BE /* StorageManager.swift in Sources */,
				012521BE21E93F5800BCD32F /* LoginViewController.swift in Sources */,
				0120878A2185035C007B7C43 /* ActionTableViewCell.swift in Sources */,
				0108765E2188A63A00FAC3BE /* RedditTableViewCell.swift in Sources */,
				019FEAB722C0591800419590 /* ThoughtTableViewCell.swift in Sources */,
				019EB3E121A1325A00BD9FC2 /* AuthorTableViewCell.swift in Sources */,
				0140A5D222AAB8DF00228F52 /* URLParameterEncoder.swift in Sources */,
				0108765021881C1600FAC3BE /* FBPostTableViewController.swift in Sources */,
				01A41BC322F9030800F37E02 /* OnboardingPageVC.swift in Sources */,
				01208792218536E3007B7C43 /* CloudKitPostController.swift in Sources */,
				012087412184E362007B7C43 /* HomeCollectionViewCell.swift in Sources */,
				0108764621880CB300FAC3BE /* FBPost.swift in Sources */,
				01AB924C22FC9C6F001D86DE /* VoteController.swift in Sources */,
				01A41BBC22F901BD00F37E02 /* AnimationStep.swift in Sources */,
				0107E1B422C07A5A006B8555 /* Thought.swift in Sources */,
				017979122187AA9B004BA6C7 /* PublicProtocols.swift in Sources */,
				01904BD822B47A0000EBBB89 /* CKReport.swift in Sources */,
				0135D6762206384C00C301A2 /* IntExtention.swift in Sources */,
				01F7B25F21964BA700902239 /* Comment.swift in Sources */,
				011B10A022B5E88E0092BADE /* FBReportController.swift in Sources */,
				015FE3C5219CDF5A0038EA7F /* DiscussionTableViewController.swift in Sources */,
				01141AC222BB046E00B4C4BF /* DateHelper.swift in Sources */,
				017978F321875BCA004BA6C7 /* CameraManager.swift in Sources */,
			);
			runOnlyForDeploymentPostprocessing = 0;
		};
		012087162184D3CF007B7C43 /* Sources */ = {
			isa = PBXSourcesBuildPhase;
			buildActionMask = 2147483647;
			files = (
				0120871F2184D3CF007B7C43 /* SherpaTests.swift in Sources */,
				017BD90A221769E2002669EE /* CKPostTest.swift in Sources */,
			);
			runOnlyForDeploymentPostprocessing = 0;
		};
/* End PBXSourcesBuildPhase section */

/* Begin PBXTargetDependency section */
		0120871C2184D3CF007B7C43 /* PBXTargetDependency */ = {
			isa = PBXTargetDependency;
			target = 012087052184D3CE007B7C43 /* Sherpa */;
			targetProxy = 0120871B2184D3CF007B7C43 /* PBXContainerItemProxy */;
		};
/* End PBXTargetDependency section */

/* Begin PBXVariantGroup section */
		0120870D2184D3CE007B7C43 /* Main.storyboard */ = {
			isa = PBXVariantGroup;
			children = (
				0120870E2184D3CE007B7C43 /* Base */,
			);
			name = Main.storyboard;
			sourceTree = "<group>";
		};
		012087122184D3CF007B7C43 /* LaunchScreen.storyboard */ = {
			isa = PBXVariantGroup;
			children = (
				012087132184D3CF007B7C43 /* Base */,
			);
			name = LaunchScreen.storyboard;
			sourceTree = "<group>";
		};
/* End PBXVariantGroup section */

/* Begin XCBuildConfiguration section */
		012087212184D3CF007B7C43 /* Debug */ = {
			isa = XCBuildConfiguration;
			buildSettings = {
				ALWAYS_SEARCH_USER_PATHS = NO;
				CLANG_ANALYZER_NONNULL = YES;
				CLANG_ANALYZER_NUMBER_OBJECT_CONVERSION = YES_AGGRESSIVE;
				CLANG_CXX_LANGUAGE_STANDARD = "gnu++14";
				CLANG_CXX_LIBRARY = "libc++";
				CLANG_ENABLE_MODULES = YES;
				CLANG_ENABLE_OBJC_ARC = YES;
				CLANG_ENABLE_OBJC_WEAK = YES;
				CLANG_WARN_BLOCK_CAPTURE_AUTORELEASING = YES;
				CLANG_WARN_BOOL_CONVERSION = YES;
				CLANG_WARN_COMMA = YES;
				CLANG_WARN_CONSTANT_CONVERSION = YES;
				CLANG_WARN_DEPRECATED_OBJC_IMPLEMENTATIONS = YES;
				CLANG_WARN_DIRECT_OBJC_ISA_USAGE = YES_ERROR;
				CLANG_WARN_DOCUMENTATION_COMMENTS = YES;
				CLANG_WARN_EMPTY_BODY = YES;
				CLANG_WARN_ENUM_CONVERSION = YES;
				CLANG_WARN_INFINITE_RECURSION = YES;
				CLANG_WARN_INT_CONVERSION = YES;
				CLANG_WARN_NON_LITERAL_NULL_CONVERSION = YES;
				CLANG_WARN_OBJC_IMPLICIT_RETAIN_SELF = YES;
				CLANG_WARN_OBJC_LITERAL_CONVERSION = YES;
				CLANG_WARN_OBJC_ROOT_CLASS = YES_ERROR;
				CLANG_WARN_RANGE_LOOP_ANALYSIS = YES;
				CLANG_WARN_STRICT_PROTOTYPES = YES;
				CLANG_WARN_SUSPICIOUS_MOVE = YES;
				CLANG_WARN_UNGUARDED_AVAILABILITY = YES_AGGRESSIVE;
				CLANG_WARN_UNREACHABLE_CODE = YES;
				CLANG_WARN__DUPLICATE_METHOD_MATCH = YES;
				CODE_SIGN_IDENTITY = "iPhone Developer";
				COPY_PHASE_STRIP = NO;
				DEBUG_INFORMATION_FORMAT = dwarf;
				ENABLE_STRICT_OBJC_MSGSEND = YES;
				ENABLE_TESTABILITY = YES;
				GCC_C_LANGUAGE_STANDARD = gnu11;
				GCC_DYNAMIC_NO_PIC = NO;
				GCC_NO_COMMON_BLOCKS = YES;
				GCC_OPTIMIZATION_LEVEL = 0;
				GCC_PREPROCESSOR_DEFINITIONS = (
					"DEBUG=1",
					"$(inherited)",
				);
				GCC_WARN_64_TO_32_BIT_CONVERSION = YES;
				GCC_WARN_ABOUT_RETURN_TYPE = YES_ERROR;
				GCC_WARN_UNDECLARED_SELECTOR = YES;
				GCC_WARN_UNINITIALIZED_AUTOS = YES_AGGRESSIVE;
				GCC_WARN_UNUSED_FUNCTION = YES;
				GCC_WARN_UNUSED_VARIABLE = YES;
				IPHONEOS_DEPLOYMENT_TARGET = 12.0;
				MTL_ENABLE_DEBUG_INFO = INCLUDE_SOURCE;
				MTL_FAST_MATH = YES;
				ONLY_ACTIVE_ARCH = YES;
				SDKROOT = iphoneos;
				SWIFT_ACTIVE_COMPILATION_CONDITIONS = DEBUG;
				SWIFT_OPTIMIZATION_LEVEL = "-Onone";
			};
			name = Debug;
		};
		012087222184D3CF007B7C43 /* Release */ = {
			isa = XCBuildConfiguration;
			buildSettings = {
				ALWAYS_SEARCH_USER_PATHS = NO;
				CLANG_ANALYZER_NONNULL = YES;
				CLANG_ANALYZER_NUMBER_OBJECT_CONVERSION = YES_AGGRESSIVE;
				CLANG_CXX_LANGUAGE_STANDARD = "gnu++14";
				CLANG_CXX_LIBRARY = "libc++";
				CLANG_ENABLE_MODULES = YES;
				CLANG_ENABLE_OBJC_ARC = YES;
				CLANG_ENABLE_OBJC_WEAK = YES;
				CLANG_WARN_BLOCK_CAPTURE_AUTORELEASING = YES;
				CLANG_WARN_BOOL_CONVERSION = YES;
				CLANG_WARN_COMMA = YES;
				CLANG_WARN_CONSTANT_CONVERSION = YES;
				CLANG_WARN_DEPRECATED_OBJC_IMPLEMENTATIONS = YES;
				CLANG_WARN_DIRECT_OBJC_ISA_USAGE = YES_ERROR;
				CLANG_WARN_DOCUMENTATION_COMMENTS = YES;
				CLANG_WARN_EMPTY_BODY = YES;
				CLANG_WARN_ENUM_CONVERSION = YES;
				CLANG_WARN_INFINITE_RECURSION = YES;
				CLANG_WARN_INT_CONVERSION = YES;
				CLANG_WARN_NON_LITERAL_NULL_CONVERSION = YES;
				CLANG_WARN_OBJC_IMPLICIT_RETAIN_SELF = YES;
				CLANG_WARN_OBJC_LITERAL_CONVERSION = YES;
				CLANG_WARN_OBJC_ROOT_CLASS = YES_ERROR;
				CLANG_WARN_RANGE_LOOP_ANALYSIS = YES;
				CLANG_WARN_STRICT_PROTOTYPES = YES;
				CLANG_WARN_SUSPICIOUS_MOVE = YES;
				CLANG_WARN_UNGUARDED_AVAILABILITY = YES_AGGRESSIVE;
				CLANG_WARN_UNREACHABLE_CODE = YES;
				CLANG_WARN__DUPLICATE_METHOD_MATCH = YES;
				CODE_SIGN_IDENTITY = "iPhone Developer";
				COPY_PHASE_STRIP = NO;
				DEBUG_INFORMATION_FORMAT = "dwarf-with-dsym";
				ENABLE_NS_ASSERTIONS = NO;
				ENABLE_STRICT_OBJC_MSGSEND = YES;
				GCC_C_LANGUAGE_STANDARD = gnu11;
				GCC_NO_COMMON_BLOCKS = YES;
				GCC_WARN_64_TO_32_BIT_CONVERSION = YES;
				GCC_WARN_ABOUT_RETURN_TYPE = YES_ERROR;
				GCC_WARN_UNDECLARED_SELECTOR = YES;
				GCC_WARN_UNINITIALIZED_AUTOS = YES_AGGRESSIVE;
				GCC_WARN_UNUSED_FUNCTION = YES;
				GCC_WARN_UNUSED_VARIABLE = YES;
				IPHONEOS_DEPLOYMENT_TARGET = 12.0;
				MTL_ENABLE_DEBUG_INFO = NO;
				MTL_FAST_MATH = YES;
				SDKROOT = iphoneos;
				SWIFT_COMPILATION_MODE = wholemodule;
				SWIFT_OPTIMIZATION_LEVEL = "-O";
				VALIDATE_PRODUCT = YES;
			};
			name = Release;
		};
		012087242184D3CF007B7C43 /* Debug */ = {
			isa = XCBuildConfiguration;
			baseConfigurationReference = B18570AF5FF943FDA16BFE03 /* Pods-Sherpa.debug.xcconfig */;
			buildSettings = {
				ASSETCATALOG_COMPILER_APPICON_NAME = AppIcon;
				CODE_SIGN_ENTITLEMENTS = Sherpa/Sherpa.entitlements;
				CODE_SIGN_STYLE = Automatic;
				DEVELOPMENT_TEAM = WAN4D79W79;
				INFOPLIST_FILE = "$(SRCROOT)/Sherpa/Resources/Info.plist";
				LD_RUNPATH_SEARCH_PATHS = (
					"$(inherited)",
					"@executable_path/Frameworks",
				);
				PRODUCT_BUNDLE_IDENTIFIER = com.wesstpeak.Sherpa;
				PRODUCT_NAME = "$(TARGET_NAME)";
				SWIFT_VERSION = 5.0;
				TARGETED_DEVICE_FAMILY = 1;
			};
			name = Debug;
		};
		012087252184D3CF007B7C43 /* Release */ = {
			isa = XCBuildConfiguration;
			baseConfigurationReference = 6FC0056429D754735F826034 /* Pods-Sherpa.release.xcconfig */;
			buildSettings = {
				ASSETCATALOG_COMPILER_APPICON_NAME = AppIcon;
				CODE_SIGN_ENTITLEMENTS = Sherpa/Sherpa.entitlements;
				CODE_SIGN_STYLE = Automatic;
				DEVELOPMENT_TEAM = WAN4D79W79;
				INFOPLIST_FILE = "$(SRCROOT)/Sherpa/Resources/Info.plist";
				LD_RUNPATH_SEARCH_PATHS = (
					"$(inherited)",
					"@executable_path/Frameworks",
				);
				PRODUCT_BUNDLE_IDENTIFIER = com.wesstpeak.Sherpa;
				PRODUCT_NAME = "$(TARGET_NAME)";
				SWIFT_VERSION = 5.0;
				TARGETED_DEVICE_FAMILY = 1;
			};
			name = Release;
		};
		012087272184D3CF007B7C43 /* Debug */ = {
			isa = XCBuildConfiguration;
			buildSettings = {
				ALWAYS_EMBED_SWIFT_STANDARD_LIBRARIES = YES;
				BUNDLE_LOADER = "$(TEST_HOST)";
				CODE_SIGN_STYLE = Automatic;
				DEVELOPMENT_TEAM = WAN4D79W79;
				HEADER_SEARCH_PATHS = "$(SRCROOT)/Pods/**";
				INFOPLIST_FILE = SherpaTests/Info.plist;
				LD_RUNPATH_SEARCH_PATHS = (
					"$(inherited)",
					"@executable_path/Frameworks",
					"@loader_path/Frameworks",
				);
				PRODUCT_BUNDLE_IDENTIFIER = com.wesstpeak.SherpaTests;
				PRODUCT_NAME = "$(TARGET_NAME)";
				SWIFT_VERSION = 4.2;
				TARGETED_DEVICE_FAMILY = "1,2";
				TEST_HOST = "$(BUILT_PRODUCTS_DIR)/Sherpa.app/Sherpa";
			};
			name = Debug;
		};
		012087282184D3CF007B7C43 /* Release */ = {
			isa = XCBuildConfiguration;
			buildSettings = {
				ALWAYS_EMBED_SWIFT_STANDARD_LIBRARIES = YES;
				BUNDLE_LOADER = "$(TEST_HOST)";
				CODE_SIGN_STYLE = Automatic;
				DEVELOPMENT_TEAM = WAN4D79W79;
				HEADER_SEARCH_PATHS = "$(SRCROOT)/Pods/**";
				INFOPLIST_FILE = SherpaTests/Info.plist;
				LD_RUNPATH_SEARCH_PATHS = (
					"$(inherited)",
					"@executable_path/Frameworks",
					"@loader_path/Frameworks",
				);
				PRODUCT_BUNDLE_IDENTIFIER = com.wesstpeak.SherpaTests;
				PRODUCT_NAME = "$(TARGET_NAME)";
				SWIFT_VERSION = 4.2;
				TARGETED_DEVICE_FAMILY = "1,2";
				TEST_HOST = "$(BUILT_PRODUCTS_DIR)/Sherpa.app/Sherpa";
			};
			name = Release;
		};
/* End XCBuildConfiguration section */

/* Begin XCConfigurationList section */
		012087012184D3CE007B7C43 /* Build configuration list for PBXProject "Sherpa" */ = {
			isa = XCConfigurationList;
			buildConfigurations = (
				012087212184D3CF007B7C43 /* Debug */,
				012087222184D3CF007B7C43 /* Release */,
			);
			defaultConfigurationIsVisible = 0;
			defaultConfigurationName = Release;
		};
		012087232184D3CF007B7C43 /* Build configuration list for PBXNativeTarget "Sherpa" */ = {
			isa = XCConfigurationList;
			buildConfigurations = (
				012087242184D3CF007B7C43 /* Debug */,
				012087252184D3CF007B7C43 /* Release */,
			);
			defaultConfigurationIsVisible = 0;
			defaultConfigurationName = Release;
		};
		012087262184D3CF007B7C43 /* Build configuration list for PBXNativeTarget "SherpaTests" */ = {
			isa = XCConfigurationList;
			buildConfigurations = (
				012087272184D3CF007B7C43 /* Debug */,
				012087282184D3CF007B7C43 /* Release */,
			);
			defaultConfigurationIsVisible = 0;
			defaultConfigurationName = Release;
		};
/* End XCConfigurationList section */
	};
	rootObject = 012086FE2184D3CE007B7C43 /* Project object */;
}
