// !$*UTF8*$!
{
	archiveVersion = 1;
	classes = {
	};
	objectVersion = 50;
	objects = {

/* Begin PBXBuildFile section */
		0120870A2184D3CE007B7C43 /* AppDelegate.swift in Sources */ = {isa = PBXBuildFile; fileRef = 012087092184D3CE007B7C43 /* AppDelegate.swift */; };
		0120870C2184D3CE007B7C43 /* ViewController.swift in Sources */ = {isa = PBXBuildFile; fileRef = 0120870B2184D3CE007B7C43 /* ViewController.swift */; };
		0120870F2184D3CE007B7C43 /* Main.storyboard in Resources */ = {isa = PBXBuildFile; fileRef = 0120870D2184D3CE007B7C43 /* Main.storyboard */; };
		012087112184D3CF007B7C43 /* Assets.xcassets in Resources */ = {isa = PBXBuildFile; fileRef = 012087102184D3CF007B7C43 /* Assets.xcassets */; };
		012087142184D3CF007B7C43 /* LaunchScreen.storyboard in Resources */ = {isa = PBXBuildFile; fileRef = 012087122184D3CF007B7C43 /* LaunchScreen.storyboard */; };
		0120871F2184D3CF007B7C43 /* SherpaTests.swift in Sources */ = {isa = PBXBuildFile; fileRef = 0120871E2184D3CF007B7C43 /* SherpaTests.swift */; };
/* End PBXBuildFile section */

/* Begin PBXContainerItemProxy section */
		0120871B2184D3CF007B7C43 /* PBXContainerItemProxy */ = {
			isa = PBXContainerItemProxy;
			containerPortal = 012086FE2184D3CE007B7C43 /* Project object */;
			proxyType = 1;
			remoteGlobalIDString = 012087052184D3CE007B7C43;
			remoteInfo = Sherpa;
		};
/* End PBXContainerItemProxy section */

/* Begin PBXFileReference section */
		012087062184D3CE007B7C43 /* Sherpa.app */ = {isa = PBXFileReference; explicitFileType = wrapper.application; includeInIndex = 0; path = Sherpa.app; sourceTree = BUILT_PRODUCTS_DIR; };
		012087092184D3CE007B7C43 /* AppDelegate.swift */ = {isa = PBXFileReference; lastKnownFileType = sourcecode.swift; path = AppDelegate.swift; sourceTree = "<group>"; };
		0120870B2184D3CE007B7C43 /* ViewController.swift */ = {isa = PBXFileReference; lastKnownFileType = sourcecode.swift; path = ViewController.swift; sourceTree = "<group>"; };
		0120870E2184D3CE007B7C43 /* Base */ = {isa = PBXFileReference; lastKnownFileType = file.storyboard; name = Base; path = Base.lproj/Main.storyboard; sourceTree = "<group>"; };
		012087102184D3CF007B7C43 /* Assets.xcassets */ = {isa = PBXFileReference; lastKnownFileType = folder.assetcatalog; path = Assets.xcassets; sourceTree = "<group>"; };
		012087132184D3CF007B7C43 /* Base */ = {isa = PBXFileReference; lastKnownFileType = file.storyboard; name = Base; path = Base.lproj/LaunchScreen.storyboard; sourceTree = "<group>"; };
		012087152184D3CF007B7C43 /* Info.plist */ = {isa = PBXFileReference; lastKnownFileType = text.plist.xml; path = Info.plist; sourceTree = "<group>"; };
		0120871A2184D3CF007B7C43 /* SherpaTests.xctest */ = {isa = PBXFileReference; explicitFileType = wrapper.cfbundle; includeInIndex = 0; path = SherpaTests.xctest; sourceTree = BUILT_PRODUCTS_DIR; };
		0120871E2184D3CF007B7C43 /* SherpaTests.swift */ = {isa = PBXFileReference; lastKnownFileType = sourcecode.swift; path = SherpaTests.swift; sourceTree = "<group>"; };
		012087202184D3CF007B7C43 /* Info.plist */ = {isa = PBXFileReference; lastKnownFileType = text.plist.xml; path = Info.plist; sourceTree = "<group>"; };
/* End PBXFileReference section */

/* Begin PBXFrameworksBuildPhase section */
		012087032184D3CE007B7C43 /* Frameworks */ = {
			isa = PBXFrameworksBuildPhase;
			buildActionMask = 2147483647;
			files = (
			);
			runOnlyForDeploymentPostprocessing = 0;
		};
		012087172184D3CF007B7C43 /* Frameworks */ = {
			isa = PBXFrameworksBuildPhase;
			buildActionMask = 2147483647;
			files = (
			);
			runOnlyForDeploymentPostprocessing = 0;
		};
/* End PBXFrameworksBuildPhase section */

/* Begin PBXGroup section */
		012086FD2184D3CE007B7C43 = {
			isa = PBXGroup;
			children = (
				012087082184D3CE007B7C43 /* Sherpa */,
				0120871D2184D3CF007B7C43 /* SherpaTests */,
				012087072184D3CE007B7C43 /* Products */,
			);
			sourceTree = "<group>";
		};
		012087072184D3CE007B7C43 /* Products */ = {
			isa = PBXGroup;
			children = (
				012087062184D3CE007B7C43 /* Sherpa.app */,
				0120871A2184D3CF007B7C43 /* SherpaTests.xctest */,
			);
			name = Products;
			sourceTree = "<group>";
		};
		012087082184D3CE007B7C43 /* Sherpa */ = {
			isa = PBXGroup;
			children = (
				012087092184D3CE007B7C43 /* AppDelegate.swift */,
				0120870B2184D3CE007B7C43 /* ViewController.swift */,
				0120870D2184D3CE007B7C43 /* Main.storyboard */,
				012087102184D3CF007B7C43 /* Assets.xcassets */,
				012087122184D3CF007B7C43 /* LaunchScreen.storyboard */,
				012087152184D3CF007B7C43 /* Info.plist */,
			);
			path = Sherpa;
			sourceTree = "<group>";
		};
		0120871D2184D3CF007B7C43 /* SherpaTests */ = {
			isa = PBXGroup;
			children = (
				0120871E2184D3CF007B7C43 /* SherpaTests.swift */,
				012087202184D3CF007B7C43 /* Info.plist */,
			);
			path = SherpaTests;
			sourceTree = "<group>";
		};
/* End PBXGroup section */

/* Begin PBXNativeTarget section */
		012087052184D3CE007B7C43 /* Sherpa */ = {
			isa = PBXNativeTarget;
			buildConfigurationList = 012087232184D3CF007B7C43 /* Build configuration list for PBXNativeTarget "Sherpa" */;
			buildPhases = (
				012087022184D3CE007B7C43 /* Sources */,
				012087032184D3CE007B7C43 /* Frameworks */,
				012087042184D3CE007B7C43 /* Resources */,
			);
			buildRules = (
			);
			dependencies = (
			);
			name = Sherpa;
			productName = Sherpa;
			productReference = 012087062184D3CE007B7C43 /* Sherpa.app */;
			productType = "com.apple.product-type.application";
		};
		012087192184D3CF007B7C43 /* SherpaTests */ = {
			isa = PBXNativeTarget;
			buildConfigurationList = 012087262184D3CF007B7C43 /* Build configuration list for PBXNativeTarget "SherpaTests" */;
			buildPhases = (
				012087162184D3CF007B7C43 /* Sources */,
				012087172184D3CF007B7C43 /* Frameworks */,
				012087182184D3CF007B7C43 /* Resources */,
			);
			buildRules = (
			);
			dependencies = (
				0120871C2184D3CF007B7C43 /* PBXTargetDependency */,
			);
			name = SherpaTests;
			productName = SherpaTests;
			productReference = 0120871A2184D3CF007B7C43 /* SherpaTests.xctest */;
			productType = "com.apple.product-type.bundle.unit-test";
		};
/* End PBXNativeTarget section */

/* Begin PBXProject section */
		012086FE2184D3CE007B7C43 /* Project object */ = {
			isa = PBXProject;
			attributes = {
				LastSwiftUpdateCheck = 1000;
				LastUpgradeCheck = 1000;
				ORGANIZATIONNAME = "Nick Reichard";
				TargetAttributes = {
					012087052184D3CE007B7C43 = {
						CreatedOnToolsVersion = 10.0;
					};
					012087192184D3CF007B7C43 = {
						CreatedOnToolsVersion = 10.0;
						TestTargetID = 012087052184D3CE007B7C43;
					};
				};
			};
			buildConfigurationList = 012087012184D3CE007B7C43 /* Build configuration list for PBXProject "Sherpa" */;
			compatibilityVersion = "Xcode 9.3";
			developmentRegion = en;
			hasScannedForEncodings = 0;
			knownRegions = (
				en,
				Base,
			);
			mainGroup = 012086FD2184D3CE007B7C43;
			productRefGroup = 012087072184D3CE007B7C43 /* Products */;
			projectDirPath = "";
			projectRoot = "";
			targets = (
				012087052184D3CE007B7C43 /* Sherpa */,
				012087192184D3CF007B7C43 /* SherpaTests */,
			);
		};
/* End PBXProject section */

/* Begin PBXResourcesBuildPhase section */
		012087042184D3CE007B7C43 /* Resources */ = {
			isa = PBXResourcesBuildPhase;
			buildActionMask = 2147483647;
			files = (
				012087142184D3CF007B7C43 /* LaunchScreen.storyboard in Resources */,
				012087112184D3CF007B7C43 /* Assets.xcassets in Resources */,
				0120870F2184D3CE007B7C43 /* Main.storyboard in Resources */,
			);
			runOnlyForDeploymentPostprocessing = 0;
		};
		012087182184D3CF007B7C43 /* Resources */ = {
			isa = PBXResourcesBuildPhase;
			buildActionMask = 2147483647;
			files = (
			);
			runOnlyForDeploymentPostprocessing = 0;
		};
/* End PBXResourcesBuildPhase section */

/* Begin PBXSourcesBuildPhase section */
		012087022184D3CE007B7C43 /* Sources */ = {
			isa = PBXSourcesBuildPhase;
			buildActionMask = 2147483647;
			files = (
				0120870C2184D3CE007B7C43 /* ViewController.swift in Sources */,
				0120870A2184D3CE007B7C43 /* AppDelegate.swift in Sources */,
			);
			runOnlyForDeploymentPostprocessing = 0;
		};
		012087162184D3CF007B7C43 /* Sources */ = {
			isa = PBXSourcesBuildPhase;
			buildActionMask = 2147483647;
			files = (
				0120871F2184D3CF007B7C43 /* SherpaTests.swift in Sources */,
			);
			runOnlyForDeploymentPostprocessing = 0;
		};
/* End PBXSourcesBuildPhase section */

/* Begin PBXTargetDependency section */
		0120871C2184D3CF007B7C43 /* PBXTargetDependency */ = {
			isa = PBXTargetDependency;
			target = 012087052184D3CE007B7C43 /* Sherpa */;
			targetProxy = 0120871B2184D3CF007B7C43 /* PBXContainerItemProxy */;
		};
/* End PBXTargetDependency section */

/* Begin PBXVariantGroup section */
		0120870D2184D3CE007B7C43 /* Main.storyboard */ = {
			isa = PBXVariantGroup;
			children = (
				0120870E2184D3CE007B7C43 /* Base */,
			);
			name = Main.storyboard;
			sourceTree = "<group>";
		};
		012087122184D3CF007B7C43 /* LaunchScreen.storyboard */ = {
			isa = PBXVariantGroup;
			children = (
				012087132184D3CF007B7C43 /* Base */,
			);
			name = LaunchScreen.storyboard;
			sourceTree = "<group>";
		};
/* End PBXVariantGroup section */

/* Begin XCBuildConfiguration section */
		012087212184D3CF007B7C43 /* Debug */ = {
			isa = XCBuildConfiguration;
			buildSettings = {
				ALWAYS_SEARCH_USER_PATHS = NO;
				CLANG_ANALYZER_NONNULL = YES;
				CLANG_ANALYZER_NUMBER_OBJECT_CONVERSION = YES_AGGRESSIVE;
				CLANG_CXX_LANGUAGE_STANDARD = "gnu++14";
				CLANG_CXX_LIBRARY = "libc++";
				CLANG_ENABLE_MODULES = YES;
				CLANG_ENABLE_OBJC_ARC = YES;
				CLANG_ENABLE_OBJC_WEAK = YES;
				CLANG_WARN_BLOCK_CAPTURE_AUTORELEASING = YES;
				CLANG_WARN_BOOL_CONVERSION = YES;
				CLANG_WARN_COMMA = YES;
				CLANG_WARN_CONSTANT_CONVERSION = YES;
				CLANG_WARN_DEPRECATED_OBJC_IMPLEMENTATIONS = YES;
				CLANG_WARN_DIRECT_OBJC_ISA_USAGE = YES_ERROR;
				CLANG_WARN_DOCUMENTATION_COMMENTS = YES;
				CLANG_WARN_EMPTY_BODY = YES;
				CLANG_WARN_ENUM_CONVERSION = YES;
				CLANG_WARN_INFINITE_RECURSION = YES;
				CLANG_WARN_INT_CONVERSION = YES;
				CLANG_WARN_NON_LITERAL_NULL_CONVERSION = YES;
				CLANG_WARN_OBJC_IMPLICIT_RETAIN_SELF = YES;
				CLANG_WARN_OBJC_LITERAL_CONVERSION = YES;
				CLANG_WARN_OBJC_ROOT_CLASS = YES_ERROR;
				CLANG_WARN_RANGE_LOOP_ANALYSIS = YES;
				CLANG_WARN_STRICT_PROTOTYPES = YES;
				CLANG_WARN_SUSPICIOUS_MOVE = YES;
				CLANG_WARN_UNGUARDED_AVAILABILITY = YES_AGGRESSIVE;
				CLANG_WARN_UNREACHABLE_CODE = YES;
				CLANG_WARN__DUPLICATE_METHOD_MATCH = YES;
				CODE_SIGN_IDENTITY = "iPhone Developer";
				COPY_PHASE_STRIP = NO;
				DEBUG_INFORMATION_FORMAT = dwarf;
				ENABLE_STRICT_OBJC_MSGSEND = YES;
				ENABLE_TESTABILITY = YES;
				GCC_C_LANGUAGE_STANDARD = gnu11;
				GCC_DYNAMIC_NO_PIC = NO;
				GCC_NO_COMMON_BLOCKS = YES;
				GCC_OPTIMIZATION_LEVEL = 0;
				GCC_PREPROCESSOR_DEFINITIONS = (
					"DEBUG=1",
					"$(inherited)",
				);
				GCC_WARN_64_TO_32_BIT_CONVERSION = YES;
				GCC_WARN_ABOUT_RETURN_TYPE = YES_ERROR;
				GCC_WARN_UNDECLARED_SELECTOR = YES;
				GCC_WARN_UNINITIALIZED_AUTOS = YES_AGGRESSIVE;
				GCC_WARN_UNUSED_FUNCTION = YES;
				GCC_WARN_UNUSED_VARIABLE = YES;
				IPHONEOS_DEPLOYMENT_TARGET = 12.0;
				MTL_ENABLE_DEBUG_INFO = INCLUDE_SOURCE;
				MTL_FAST_MATH = YES;
				ONLY_ACTIVE_ARCH = YES;
				SDKROOT = iphoneos;
				SWIFT_ACTIVE_COMPILATION_CONDITIONS = DEBUG;
				SWIFT_OPTIMIZATION_LEVEL = "-Onone";
			};
			name = Debug;
		};
		012087222184D3CF007B7C43 /* Release */ = {
			isa = XCBuildConfiguration;
			buildSettings = {
				ALWAYS_SEARCH_USER_PATHS = NO;
				CLANG_ANALYZER_NONNULL = YES;
				CLANG_ANALYZER_NUMBER_OBJECT_CONVERSION = YES_AGGRESSIVE;
				CLANG_CXX_LANGUAGE_STANDARD = "gnu++14";
				CLANG_CXX_LIBRARY = "libc++";
				CLANG_ENABLE_MODULES = YES;
				CLANG_ENABLE_OBJC_ARC = YES;
				CLANG_ENABLE_OBJC_WEAK = YES;
				CLANG_WARN_BLOCK_CAPTURE_AUTORELEASING = YES;
				CLANG_WARN_BOOL_CONVERSION = YES;
				CLANG_WARN_COMMA = YES;
				CLANG_WARN_CONSTANT_CONVERSION = YES;
				CLANG_WARN_DEPRECATED_OBJC_IMPLEMENTATIONS = YES;
				CLANG_WARN_DIRECT_OBJC_ISA_USAGE = YES_ERROR;
				CLANG_WARN_DOCUMENTATION_COMMENTS = YES;
				CLANG_WARN_EMPTY_BODY = YES;
				CLANG_WARN_ENUM_CONVERSION = YES;
				CLANG_WARN_INFINITE_RECURSION = YES;
				CLANG_WARN_INT_CONVERSION = YES;
				CLANG_WARN_NON_LITERAL_NULL_CONVERSION = YES;
				CLANG_WARN_OBJC_IMPLICIT_RETAIN_SELF = YES;
				CLANG_WARN_OBJC_LITERAL_CONVERSION = YES;
				CLANG_WARN_OBJC_ROOT_CLASS = YES_ERROR;
				CLANG_WARN_RANGE_LOOP_ANALYSIS = YES;
				CLANG_WARN_STRICT_PROTOTYPES = YES;
				CLANG_WARN_SUSPICIOUS_MOVE = YES;
				CLANG_WARN_UNGUARDED_AVAILABILITY = YES_AGGRESSIVE;
				CLANG_WARN_UNREACHABLE_CODE = YES;
				CLANG_WARN__DUPLICATE_METHOD_MATCH = YES;
				CODE_SIGN_IDENTITY = "iPhone Developer";
				COPY_PHASE_STRIP = NO;
				DEBUG_INFORMATION_FORMAT = "dwarf-with-dsym";
				ENABLE_NS_ASSERTIONS = NO;
				ENABLE_STRICT_OBJC_MSGSEND = YES;
				GCC_C_LANGUAGE_STANDARD = gnu11;
				GCC_NO_COMMON_BLOCKS = YES;
				GCC_WARN_64_TO_32_BIT_CONVERSION = YES;
				GCC_WARN_ABOUT_RETURN_TYPE = YES_ERROR;
				GCC_WARN_UNDECLARED_SELECTOR = YES;
				GCC_WARN_UNINITIALIZED_AUTOS = YES_AGGRESSIVE;
				GCC_WARN_UNUSED_FUNCTION = YES;
				GCC_WARN_UNUSED_VARIABLE = YES;
				IPHONEOS_DEPLOYMENT_TARGET = 12.0;
				MTL_ENABLE_DEBUG_INFO = NO;
				MTL_FAST_MATH = YES;
				SDKROOT = iphoneos;
				SWIFT_COMPILATION_MODE = wholemodule;
				SWIFT_OPTIMIZATION_LEVEL = "-O";
				VALIDATE_PRODUCT = YES;
			};
			name = Release;
		};
		012087242184D3CF007B7C43 /* Debug */ = {
			isa = XCBuildConfiguration;
			buildSettings = {
				ASSETCATALOG_COMPILER_APPICON_NAME = AppIcon;
				CODE_SIGN_STYLE = Automatic;
				INFOPLIST_FILE = Sherpa/Info.plist;
				LD_RUNPATH_SEARCH_PATHS = (
					"$(inherited)",
					"@executable_path/Frameworks",
				);
				PRODUCT_BUNDLE_IDENTIFIER = com.wesstpeak.Sherpa;
				PRODUCT_NAME = "$(TARGET_NAME)";
				SWIFT_VERSION = 4.2;
				TARGETED_DEVICE_FAMILY = "1,2";
			};
			name = Debug;
		};
		012087252184D3CF007B7C43 /* Release */ = {
			isa = XCBuildConfiguration;
			buildSettings = {
				ASSETCATALOG_COMPILER_APPICON_NAME = AppIcon;
				CODE_SIGN_STYLE = Automatic;
				INFOPLIST_FILE = Sherpa/Info.plist;
				LD_RUNPATH_SEARCH_PATHS = (
					"$(inherited)",
					"@executable_path/Frameworks",
				);
				PRODUCT_BUNDLE_IDENTIFIER = com.wesstpeak.Sherpa;
				PRODUCT_NAME = "$(TARGET_NAME)";
				SWIFT_VERSION = 4.2;
				TARGETED_DEVICE_FAMILY = "1,2";
			};
			name = Release;
		};
		012087272184D3CF007B7C43 /* Debug */ = {
			isa = XCBuildConfiguration;
			buildSettings = {
				ALWAYS_EMBED_SWIFT_STANDARD_LIBRARIES = YES;
				BUNDLE_LOADER = "$(TEST_HOST)";
				CODE_SIGN_STYLE = Automatic;
				INFOPLIST_FILE = SherpaTests/Info.plist;
				LD_RUNPATH_SEARCH_PATHS = (
					"$(inherited)",
					"@executable_path/Frameworks",
					"@loader_path/Frameworks",
				);
				PRODUCT_BUNDLE_IDENTIFIER = com.wesstpeak.SherpaTests;
				PRODUCT_NAME = "$(TARGET_NAME)";
				SWIFT_VERSION = 4.2;
				TARGETED_DEVICE_FAMILY = "1,2";
				TEST_HOST = "$(BUILT_PRODUCTS_DIR)/Sherpa.app/Sherpa";
			};
			name = Debug;
		};
		012087282184D3CF007B7C43 /* Release */ = {
			isa = XCBuildConfiguration;
			buildSettings = {
				ALWAYS_EMBED_SWIFT_STANDARD_LIBRARIES = YES;
				BUNDLE_LOADER = "$(TEST_HOST)";
				CODE_SIGN_STYLE = Automatic;
				INFOPLIST_FILE = SherpaTests/Info.plist;
				LD_RUNPATH_SEARCH_PATHS = (
					"$(inherited)",
					"@executable_path/Frameworks",
					"@loader_path/Frameworks",
				);
				PRODUCT_BUNDLE_IDENTIFIER = com.wesstpeak.SherpaTests;
				PRODUCT_NAME = "$(TARGET_NAME)";
				SWIFT_VERSION = 4.2;
				TARGETED_DEVICE_FAMILY = "1,2";
				TEST_HOST = "$(BUILT_PRODUCTS_DIR)/Sherpa.app/Sherpa";
			};
			name = Release;
		};
/* End XCBuildConfiguration section */

/* Begin XCConfigurationList section */
		012087012184D3CE007B7C43 /* Build configuration list for PBXProject "Sherpa" */ = {
			isa = XCConfigurationList;
			buildConfigurations = (
				012087212184D3CF007B7C43 /* Debug */,
				012087222184D3CF007B7C43 /* Release */,
			);
			defaultConfigurationIsVisible = 0;
			defaultConfigurationName = Release;
		};
		012087232184D3CF007B7C43 /* Build configuration list for PBXNativeTarget "Sherpa" */ = {
			isa = XCConfigurationList;
			buildConfigurations = (
				012087242184D3CF007B7C43 /* Debug */,
				012087252184D3CF007B7C43 /* Release */,
			);
			defaultConfigurationIsVisible = 0;
			defaultConfigurationName = Release;
		};
		012087262184D3CF007B7C43 /* Build configuration list for PBXNativeTarget "SherpaTests" */ = {
			isa = XCConfigurationList;
			buildConfigurations = (
				012087272184D3CF007B7C43 /* Debug */,
				012087282184D3CF007B7C43 /* Release */,
			);
			defaultConfigurationIsVisible = 0;
			defaultConfigurationName = Release;
		};
/* End XCConfigurationList section */
	};
	rootObject = 012086FE2184D3CE007B7C43 /* Project object */;
}
